
Microsoft Visual Studio Solution File, Format Version 12.00
# Visual Studio 14
VisualStudioVersion = 14.0.25420.1
MinimumVisualStudioVersion = 10.0.40219.1
Project("{8BC9CEB8-8B4A-11D0-8D11-00A0C91BC942}") = "YaneuraOu", "source\YaneuraOu.vcxproj", "{28C8605A-4E8E-4F59-99B5-96F545BC7D5E}"
EndProject
Project("{FAE04EC0-301F-11D3-BF4B-00C04F79EFBC}") = "TanukiColiseum", "TanukiColiseum\TanukiColiseum.csproj", "{82A763DA-D0D7-4B62-9906-B4621C807AE9}"
EndProject
Project("{888888A0-9F3D-457C-B088-3A5042F75D52}") = "tanuki-optimizer", "tanuki-optimizer\tanuki-optimizer.pyproj", "{2944D269-829B-4B9D-AB0E-F90A50204A21}"
EndProject
Project("{FAE04EC0-301F-11D3-BF4B-00C04F79EFBC}") = "tanuki-phoenix", "tanuki-phoenix\tanuki-phoenix.csproj", "{9C8A4B51-BD93-4584-80DD-9E410B1DF503}"
EndProject
Project("{FAE04EC0-301F-11D3-BF4B-00C04F79EFBC}") = "tanuki-proxy", "tanuki-proxy\tanuki-proxy.csproj", "{7953A2CB-956C-4AC4-9280-2D726FB632A4}"
EndProject
Project("{888888A0-9F3D-457C-B088-3A5042F75D52}") = "tools", "tools\tools.pyproj", "{34E1B03C-EF28-4724-A7D8-334CA4727C90}"
EndProject
Global
	GlobalSection(SolutionConfigurationPlatforms) = preSolution
		Debug|Any CPU = Debug|Any CPU
		Debug|x64 = Debug|x64
		Debug|x86 = Debug|x86
		Debug-2017Early|Any CPU = Debug-2017Early|Any CPU
		Debug-2017Early|x64 = Debug-2017Early|x64
		Debug-2017Early|x86 = Debug-2017Early|x86
		Debug-2017Goku|Any CPU = Debug-2017Goku|Any CPU
		Debug-2017Goku|x64 = Debug-2017Goku|x64
		Debug-2017Goku|x86 = Debug-2017Goku|x86
		Debug-KifuGenerator|Any CPU = Debug-KifuGenerator|Any CPU
		Debug-KifuGenerator|x64 = Debug-KifuGenerator|x64
		Debug-KifuGenerator|x86 = Debug-KifuGenerator|x86
		Debug-Learner|Any CPU = Debug-Learner|Any CPU
		Debug-Learner|x64 = Debug-Learner|x64
		Debug-Learner|x86 = Debug-Learner|x86
		Debug-mate|Any CPU = Debug-mate|Any CPU
		Debug-mate|x64 = Debug-mate|x64
		Debug-mate|x86 = Debug-mate|x86
		Debug-user|Any CPU = Debug-user|Any CPU
		Debug-user|x64 = Debug-user|x64
		Debug-user|x86 = Debug-user|x86
		Release|Any CPU = Release|Any CPU
		Release|x64 = Release|x64
		Release|x86 = Release|x86
		Release-2017Early|Any CPU = Release-2017Early|Any CPU
		Release-2017Early|x64 = Release-2017Early|x64
		Release-2017Early|x86 = Release-2017Early|x86
		Release-2017EarlyLearn|Any CPU = Release-2017EarlyLearn|Any CPU
		Release-2017EarlyLearn|x64 = Release-2017EarlyLearn|x64
		Release-2017EarlyLearn|x86 = Release-2017EarlyLearn|x86
		Release-2017Early-sse2|Any CPU = Release-2017Early-sse2|Any CPU
		Release-2017Early-sse2|x64 = Release-2017Early-sse2|x64
		Release-2017Early-sse2|x86 = Release-2017Early-sse2|x86
		Release-2017Early-sse41|Any CPU = Release-2017Early-sse41|Any CPU
		Release-2017Early-sse41|x64 = Release-2017Early-sse41|x64
		Release-2017Early-sse41|x86 = Release-2017Early-sse41|x86
		Release-2017Early-sse42|Any CPU = Release-2017Early-sse42|Any CPU
		Release-2017Early-sse42|x64 = Release-2017Early-sse42|x64
		Release-2017Early-sse42|x86 = Release-2017Early-sse42|x86
		Release-2017Goku|Any CPU = Release-2017Goku|Any CPU
		Release-2017Goku|x64 = Release-2017Goku|x64
		Release-2017Goku|x86 = Release-2017Goku|x86
		Release-2017Goku-sse2|Any CPU = Release-2017Goku-sse2|Any CPU
		Release-2017Goku-sse2|x64 = Release-2017Goku-sse2|x64
		Release-2017Goku-sse2|x86 = Release-2017Goku-sse2|x86
		Release-2017Goku-sse41|Any CPU = Release-2017Goku-sse41|Any CPU
		Release-2017Goku-sse41|x64 = Release-2017Goku-sse41|x64
		Release-2017Goku-sse41|x86 = Release-2017Goku-sse41|x86
		Release-2017Goku-sse42|Any CPU = Release-2017Goku-sse42|Any CPU
		Release-2017Goku-sse42|x64 = Release-2017Goku-sse42|x64
		Release-2017Goku-sse42|x86 = Release-2017Goku-sse42|x86
		Release-KifuGenerator|Any CPU = Release-KifuGenerator|Any CPU
		Release-KifuGenerator|x64 = Release-KifuGenerator|x64
		Release-KifuGenerator|x86 = Release-KifuGenerator|x86
		Release-Learner|Any CPU = Release-Learner|Any CPU
		Release-Learner|x64 = Release-Learner|x64
		Release-Learner|x86 = Release-Learner|x86
		Release-mate|Any CPU = Release-mate|Any CPU
		Release-mate|x64 = Release-mate|x64
		Release-mate|x86 = Release-mate|x86
		Release-mate-sse2|Any CPU = Release-mate-sse2|Any CPU
		Release-mate-sse2|x64 = Release-mate-sse2|x64
		Release-mate-sse2|x86 = Release-mate-sse2|x86
		Release-mate-sse41|Any CPU = Release-mate-sse41|Any CPU
		Release-mate-sse41|x64 = Release-mate-sse41|x64
		Release-mate-sse41|x86 = Release-mate-sse41|x86
		Release-mate-sse42|Any CPU = Release-mate-sse42|Any CPU
		Release-mate-sse42|x64 = Release-mate-sse42|x64
		Release-mate-sse42|x86 = Release-mate-sse42|x86
		Release-user|Any CPU = Release-user|Any CPU
		Release-user|x64 = Release-user|x64
		Release-user|x86 = Release-user|x86
		Release-user-sse2|Any CPU = Release-user-sse2|Any CPU
		Release-user-sse2|x64 = Release-user-sse2|x64
		Release-user-sse2|x86 = Release-user-sse2|x86
		Release-user-sse41|Any CPU = Release-user-sse41|Any CPU
		Release-user-sse41|x64 = Release-user-sse41|x64
		Release-user-sse41|x86 = Release-user-sse41|x86
		Release-user-sse42|Any CPU = Release-user-sse42|Any CPU
		Release-user-sse42|x64 = Release-user-sse42|x64
		Release-user-sse42|x86 = Release-user-sse42|x86
	EndGlobalSection
	GlobalSection(ProjectConfigurationPlatforms) = postSolution
		{28C8605A-4E8E-4F59-99B5-96F545BC7D5E}.Debug|Any CPU.ActiveCfg = Release-user-sse41|x64
		{28C8605A-4E8E-4F59-99B5-96F545BC7D5E}.Debug|Any CPU.Build.0 = Release-user-sse41|x64
		{28C8605A-4E8E-4F59-99B5-96F545BC7D5E}.Debug|x64.ActiveCfg = Debug-user|x64
		{28C8605A-4E8E-4F59-99B5-96F545BC7D5E}.Debug|x64.Build.0 = Debug-user|x64
		{28C8605A-4E8E-4F59-99B5-96F545BC7D5E}.Debug|x86.ActiveCfg = Debug-user|Win32
		{28C8605A-4E8E-4F59-99B5-96F545BC7D5E}.Debug|x86.Build.0 = Debug-user|Win32
		{28C8605A-4E8E-4F59-99B5-96F545BC7D5E}.Debug-2017Early|Any CPU.ActiveCfg = Debug-2017Early|Win32
		{28C8605A-4E8E-4F59-99B5-96F545BC7D5E}.Debug-2017Early|x64.ActiveCfg = Debug-2017Early|x64
		{28C8605A-4E8E-4F59-99B5-96F545BC7D5E}.Debug-2017Early|x64.Build.0 = Debug-2017Early|x64
		{28C8605A-4E8E-4F59-99B5-96F545BC7D5E}.Debug-2017Early|x86.ActiveCfg = Debug-2017Early|Win32
		{28C8605A-4E8E-4F59-99B5-96F545BC7D5E}.Debug-2017Early|x86.Build.0 = Debug-2017Early|Win32
		{28C8605A-4E8E-4F59-99B5-96F545BC7D5E}.Debug-2017Goku|Any CPU.ActiveCfg = Debug-2017Goku|Win32
		{28C8605A-4E8E-4F59-99B5-96F545BC7D5E}.Debug-2017Goku|x64.ActiveCfg = Debug-2017Goku|x64
		{28C8605A-4E8E-4F59-99B5-96F545BC7D5E}.Debug-2017Goku|x64.Build.0 = Debug-2017Goku|x64
		{28C8605A-4E8E-4F59-99B5-96F545BC7D5E}.Debug-2017Goku|x86.ActiveCfg = Debug-2017Goku|Win32
		{28C8605A-4E8E-4F59-99B5-96F545BC7D5E}.Debug-2017Goku|x86.Build.0 = Debug-2017Goku|Win32
		{28C8605A-4E8E-4F59-99B5-96F545BC7D5E}.Debug-KifuGenerator|Any CPU.ActiveCfg = Debug-KifuGenerator|x64
		{28C8605A-4E8E-4F59-99B5-96F545BC7D5E}.Debug-KifuGenerator|x64.ActiveCfg = Debug-KifuGenerator|x64
		{28C8605A-4E8E-4F59-99B5-96F545BC7D5E}.Debug-KifuGenerator|x64.Build.0 = Debug-KifuGenerator|x64
		{28C8605A-4E8E-4F59-99B5-96F545BC7D5E}.Debug-KifuGenerator|x86.ActiveCfg = Debug-KifuGenerator|x64
		{28C8605A-4E8E-4F59-99B5-96F545BC7D5E}.Debug-Learner|Any CPU.ActiveCfg = Debug-Learner|x64
		{28C8605A-4E8E-4F59-99B5-96F545BC7D5E}.Debug-Learner|x64.ActiveCfg = Debug-Learner|x64
		{28C8605A-4E8E-4F59-99B5-96F545BC7D5E}.Debug-Learner|x64.Build.0 = Debug-Learner|x64
		{28C8605A-4E8E-4F59-99B5-96F545BC7D5E}.Debug-Learner|x86.ActiveCfg = Debug-Learner|x64
		{28C8605A-4E8E-4F59-99B5-96F545BC7D5E}.Debug-mate|Any CPU.ActiveCfg = Debug-mate|Win32
		{28C8605A-4E8E-4F59-99B5-96F545BC7D5E}.Debug-mate|x64.ActiveCfg = Debug-mate|x64
		{28C8605A-4E8E-4F59-99B5-96F545BC7D5E}.Debug-mate|x64.Build.0 = Debug-mate|x64
		{28C8605A-4E8E-4F59-99B5-96F545BC7D5E}.Debug-mate|x86.ActiveCfg = Debug-mate|Win32
		{28C8605A-4E8E-4F59-99B5-96F545BC7D5E}.Debug-mate|x86.Build.0 = Debug-mate|Win32
		{28C8605A-4E8E-4F59-99B5-96F545BC7D5E}.Debug-user|Any CPU.ActiveCfg = Debug-user|Win32
		{28C8605A-4E8E-4F59-99B5-96F545BC7D5E}.Debug-user|x64.ActiveCfg = Debug-user|x64
		{28C8605A-4E8E-4F59-99B5-96F545BC7D5E}.Debug-user|x64.Build.0 = Debug-user|x64
		{28C8605A-4E8E-4F59-99B5-96F545BC7D5E}.Debug-user|x86.ActiveCfg = Debug-user|Win32
		{28C8605A-4E8E-4F59-99B5-96F545BC7D5E}.Debug-user|x86.Build.0 = Debug-user|Win32
		{28C8605A-4E8E-4F59-99B5-96F545BC7D5E}.Release|Any CPU.ActiveCfg = Release-user-sse41|x64
		{28C8605A-4E8E-4F59-99B5-96F545BC7D5E}.Release|Any CPU.Build.0 = Release-user-sse41|x64
		{28C8605A-4E8E-4F59-99B5-96F545BC7D5E}.Release|x64.ActiveCfg = Release-user-sse42|x64
		{28C8605A-4E8E-4F59-99B5-96F545BC7D5E}.Release|x64.Build.0 = Release-user-sse42|x64
		{28C8605A-4E8E-4F59-99B5-96F545BC7D5E}.Release|x86.ActiveCfg = Release-user|Win32
		{28C8605A-4E8E-4F59-99B5-96F545BC7D5E}.Release|x86.Build.0 = Release-user|Win32
		{28C8605A-4E8E-4F59-99B5-96F545BC7D5E}.Release-2017Early|Any CPU.ActiveCfg = Release-2017Early|Win32
		{28C8605A-4E8E-4F59-99B5-96F545BC7D5E}.Release-2017Early|x64.ActiveCfg = Release-2017Early|x64
		{28C8605A-4E8E-4F59-99B5-96F545BC7D5E}.Release-2017Early|x64.Build.0 = Release-2017Early|x64
		{28C8605A-4E8E-4F59-99B5-96F545BC7D5E}.Release-2017Early|x86.ActiveCfg = Release-2017Early|Win32
		{28C8605A-4E8E-4F59-99B5-96F545BC7D5E}.Release-2017Early|x86.Build.0 = Release-2017Early|Win32
		{28C8605A-4E8E-4F59-99B5-96F545BC7D5E}.Release-2017EarlyLearn|Any CPU.ActiveCfg = Release-user-sse2|x64
		{28C8605A-4E8E-4F59-99B5-96F545BC7D5E}.Release-2017EarlyLearn|Any CPU.Build.0 = Release-user-sse2|x64
		{28C8605A-4E8E-4F59-99B5-96F545BC7D5E}.Release-2017EarlyLearn|x64.ActiveCfg = Release-2017Early-sse42|x64
		{28C8605A-4E8E-4F59-99B5-96F545BC7D5E}.Release-2017EarlyLearn|x64.Build.0 = Release-2017Early-sse42|x64
		{28C8605A-4E8E-4F59-99B5-96F545BC7D5E}.Release-2017EarlyLearn|x86.ActiveCfg = Release-2017Early|Win32
		{28C8605A-4E8E-4F59-99B5-96F545BC7D5E}.Release-2017EarlyLearn|x86.Build.0 = Release-2017Early|Win32
		{28C8605A-4E8E-4F59-99B5-96F545BC7D5E}.Release-2017Early-sse2|Any CPU.ActiveCfg = Release-2017Early-sse2|x64
		{28C8605A-4E8E-4F59-99B5-96F545BC7D5E}.Release-2017Early-sse2|x64.ActiveCfg = Release-2017Early-sse2|x64
		{28C8605A-4E8E-4F59-99B5-96F545BC7D5E}.Release-2017Early-sse2|x64.Build.0 = Release-2017Early-sse2|x64
		{28C8605A-4E8E-4F59-99B5-96F545BC7D5E}.Release-2017Early-sse2|x86.ActiveCfg = Release-2017Early-sse2|x64
		{28C8605A-4E8E-4F59-99B5-96F545BC7D5E}.Release-2017Early-sse41|Any CPU.ActiveCfg = Release-2017Early-sse41|x64
		{28C8605A-4E8E-4F59-99B5-96F545BC7D5E}.Release-2017Early-sse41|x64.ActiveCfg = Release-2017Early-sse41|x64
		{28C8605A-4E8E-4F59-99B5-96F545BC7D5E}.Release-2017Early-sse41|x64.Build.0 = Release-2017Early-sse41|x64
		{28C8605A-4E8E-4F59-99B5-96F545BC7D5E}.Release-2017Early-sse41|x86.ActiveCfg = Release-2017Early-sse41|x64
		{28C8605A-4E8E-4F59-99B5-96F545BC7D5E}.Release-2017Early-sse42|Any CPU.ActiveCfg = Release-2017Early-sse42|x64
		{28C8605A-4E8E-4F59-99B5-96F545BC7D5E}.Release-2017Early-sse42|x64.ActiveCfg = Release-2017Early-sse42|x64
		{28C8605A-4E8E-4F59-99B5-96F545BC7D5E}.Release-2017Early-sse42|x64.Build.0 = Release-2017Early-sse42|x64
		{28C8605A-4E8E-4F59-99B5-96F545BC7D5E}.Release-2017Early-sse42|x86.ActiveCfg = Release-2017Early-sse42|x64
		{28C8605A-4E8E-4F59-99B5-96F545BC7D5E}.Release-2017Goku|Any CPU.ActiveCfg = Release-2017Goku|Win32
		{28C8605A-4E8E-4F59-99B5-96F545BC7D5E}.Release-2017Goku|x64.ActiveCfg = Release-2017Goku|x64
		{28C8605A-4E8E-4F59-99B5-96F545BC7D5E}.Release-2017Goku|x64.Build.0 = Release-2017Goku|x64
		{28C8605A-4E8E-4F59-99B5-96F545BC7D5E}.Release-2017Goku|x86.ActiveCfg = Release-2017Goku|Win32
		{28C8605A-4E8E-4F59-99B5-96F545BC7D5E}.Release-2017Goku|x86.Build.0 = Release-2017Goku|Win32
		{28C8605A-4E8E-4F59-99B5-96F545BC7D5E}.Release-2017Goku-sse2|Any CPU.ActiveCfg = Release-2017Goku-sse2|x64
		{28C8605A-4E8E-4F59-99B5-96F545BC7D5E}.Release-2017Goku-sse2|x64.ActiveCfg = Release-2017Goku-sse2|x64
		{28C8605A-4E8E-4F59-99B5-96F545BC7D5E}.Release-2017Goku-sse2|x64.Build.0 = Release-2017Goku-sse2|x64
		{28C8605A-4E8E-4F59-99B5-96F545BC7D5E}.Release-2017Goku-sse2|x86.ActiveCfg = Release-2017Goku-sse2|x64
		{28C8605A-4E8E-4F59-99B5-96F545BC7D5E}.Release-2017Goku-sse41|Any CPU.ActiveCfg = Release-2017Goku-sse41|x64
		{28C8605A-4E8E-4F59-99B5-96F545BC7D5E}.Release-2017Goku-sse41|x64.ActiveCfg = Release-2017Goku-sse41|x64
		{28C8605A-4E8E-4F59-99B5-96F545BC7D5E}.Release-2017Goku-sse41|x64.Build.0 = Release-2017Goku-sse41|x64
		{28C8605A-4E8E-4F59-99B5-96F545BC7D5E}.Release-2017Goku-sse41|x86.ActiveCfg = Release-2017Goku-sse41|x64
		{28C8605A-4E8E-4F59-99B5-96F545BC7D5E}.Release-2017Goku-sse42|Any CPU.ActiveCfg = Release-2017Goku-sse42|x64
		{28C8605A-4E8E-4F59-99B5-96F545BC7D5E}.Release-2017Goku-sse42|x64.ActiveCfg = Release-2017Goku-sse42|x64
		{28C8605A-4E8E-4F59-99B5-96F545BC7D5E}.Release-2017Goku-sse42|x64.Build.0 = Release-2017Goku-sse42|x64
		{28C8605A-4E8E-4F59-99B5-96F545BC7D5E}.Release-2017Goku-sse42|x86.ActiveCfg = Release-2017Goku-sse42|x64
		{28C8605A-4E8E-4F59-99B5-96F545BC7D5E}.Release-KifuGenerator|Any CPU.ActiveCfg = Release-KifuGenerator|x64
		{28C8605A-4E8E-4F59-99B5-96F545BC7D5E}.Release-KifuGenerator|Any CPU.Build.0 = Release-KifuGenerator|x64
		{28C8605A-4E8E-4F59-99B5-96F545BC7D5E}.Release-KifuGenerator|x64.ActiveCfg = Release-KifuGenerator|x64
		{28C8605A-4E8E-4F59-99B5-96F545BC7D5E}.Release-KifuGenerator|x64.Build.0 = Release-KifuGenerator|x64
		{28C8605A-4E8E-4F59-99B5-96F545BC7D5E}.Release-KifuGenerator|x86.ActiveCfg = Release-KifuGenerator|x64
		{28C8605A-4E8E-4F59-99B5-96F545BC7D5E}.Release-Learner|Any CPU.ActiveCfg = Release-Learner|x64
		{28C8605A-4E8E-4F59-99B5-96F545BC7D5E}.Release-Learner|x64.ActiveCfg = Release-Learner|x64
		{28C8605A-4E8E-4F59-99B5-96F545BC7D5E}.Release-Learner|x64.Build.0 = Release-Learner|x64
		{28C8605A-4E8E-4F59-99B5-96F545BC7D5E}.Release-Learner|x86.ActiveCfg = Release-Learner|x64
		{28C8605A-4E8E-4F59-99B5-96F545BC7D5E}.Release-mate|Any CPU.ActiveCfg = Release-mate|Win32
		{28C8605A-4E8E-4F59-99B5-96F545BC7D5E}.Release-mate|x64.ActiveCfg = Release-mate|x64
		{28C8605A-4E8E-4F59-99B5-96F545BC7D5E}.Release-mate|x64.Build.0 = Release-mate|x64
		{28C8605A-4E8E-4F59-99B5-96F545BC7D5E}.Release-mate|x86.ActiveCfg = Release-mate|Win32
		{28C8605A-4E8E-4F59-99B5-96F545BC7D5E}.Release-mate|x86.Build.0 = Release-mate|Win32
		{28C8605A-4E8E-4F59-99B5-96F545BC7D5E}.Release-mate-sse2|Any CPU.ActiveCfg = Release-mate-sse2|x64
		{28C8605A-4E8E-4F59-99B5-96F545BC7D5E}.Release-mate-sse2|x64.ActiveCfg = Release-mate-sse2|x64
		{28C8605A-4E8E-4F59-99B5-96F545BC7D5E}.Release-mate-sse2|x64.Build.0 = Release-mate-sse2|x64
		{28C8605A-4E8E-4F59-99B5-96F545BC7D5E}.Release-mate-sse2|x86.ActiveCfg = Release-mate-sse2|x64
		{28C8605A-4E8E-4F59-99B5-96F545BC7D5E}.Release-mate-sse41|Any CPU.ActiveCfg = Release-mate-sse41|x64
		{28C8605A-4E8E-4F59-99B5-96F545BC7D5E}.Release-mate-sse41|x64.ActiveCfg = Release-mate-sse41|x64
		{28C8605A-4E8E-4F59-99B5-96F545BC7D5E}.Release-mate-sse41|x64.Build.0 = Release-mate-sse41|x64
		{28C8605A-4E8E-4F59-99B5-96F545BC7D5E}.Release-mate-sse41|x86.ActiveCfg = Release-mate-sse41|x64
		{28C8605A-4E8E-4F59-99B5-96F545BC7D5E}.Release-mate-sse42|Any CPU.ActiveCfg = Release-mate-sse42|x64
		{28C8605A-4E8E-4F59-99B5-96F545BC7D5E}.Release-mate-sse42|x64.ActiveCfg = Release-mate-sse42|x64
		{28C8605A-4E8E-4F59-99B5-96F545BC7D5E}.Release-mate-sse42|x64.Build.0 = Release-mate-sse42|x64
		{28C8605A-4E8E-4F59-99B5-96F545BC7D5E}.Release-mate-sse42|x86.ActiveCfg = Release-mate-sse42|x64
		{28C8605A-4E8E-4F59-99B5-96F545BC7D5E}.Release-user|Any CPU.ActiveCfg = Release-user|Win32
		{28C8605A-4E8E-4F59-99B5-96F545BC7D5E}.Release-user|x64.ActiveCfg = Release-user|x64
		{28C8605A-4E8E-4F59-99B5-96F545BC7D5E}.Release-user|x64.Build.0 = Release-user|x64
		{28C8605A-4E8E-4F59-99B5-96F545BC7D5E}.Release-user|x86.ActiveCfg = Release-user|Win32
		{28C8605A-4E8E-4F59-99B5-96F545BC7D5E}.Release-user|x86.Build.0 = Release-user|Win32
		{28C8605A-4E8E-4F59-99B5-96F545BC7D5E}.Release-user-sse2|Any CPU.ActiveCfg = Release-user-sse2|x64
		{28C8605A-4E8E-4F59-99B5-96F545BC7D5E}.Release-user-sse2|x64.ActiveCfg = Release-user-sse2|x64
		{28C8605A-4E8E-4F59-99B5-96F545BC7D5E}.Release-user-sse2|x64.Build.0 = Release-user-sse2|x64
		{28C8605A-4E8E-4F59-99B5-96F545BC7D5E}.Release-user-sse2|x86.ActiveCfg = Release-user-sse2|x64
		{28C8605A-4E8E-4F59-99B5-96F545BC7D5E}.Release-user-sse41|Any CPU.ActiveCfg = Release-user-sse41|x64
		{28C8605A-4E8E-4F59-99B5-96F545BC7D5E}.Release-user-sse41|x64.ActiveCfg = Release-user-sse41|x64
		{28C8605A-4E8E-4F59-99B5-96F545BC7D5E}.Release-user-sse41|x64.Build.0 = Release-user-sse41|x64
		{28C8605A-4E8E-4F59-99B5-96F545BC7D5E}.Release-user-sse41|x86.ActiveCfg = Release-user-sse41|x64
		{28C8605A-4E8E-4F59-99B5-96F545BC7D5E}.Release-user-sse42|Any CPU.ActiveCfg = Release-user-sse42|x64
		{28C8605A-4E8E-4F59-99B5-96F545BC7D5E}.Release-user-sse42|x64.ActiveCfg = Release-user-sse42|x64
		{28C8605A-4E8E-4F59-99B5-96F545BC7D5E}.Release-user-sse42|x64.Build.0 = Release-user-sse42|x64
		{28C8605A-4E8E-4F59-99B5-96F545BC7D5E}.Release-user-sse42|x86.ActiveCfg = Release-user-sse42|x64
		{82A763DA-D0D7-4B62-9906-B4621C807AE9}.Debug|Any CPU.ActiveCfg = Debug|Any CPU
		{82A763DA-D0D7-4B62-9906-B4621C807AE9}.Debug|Any CPU.Build.0 = Debug|Any CPU
		{82A763DA-D0D7-4B62-9906-B4621C807AE9}.Debug|x64.ActiveCfg = Debug|Any CPU
		{82A763DA-D0D7-4B62-9906-B4621C807AE9}.Debug|x64.Build.0 = Debug|Any CPU
		{82A763DA-D0D7-4B62-9906-B4621C807AE9}.Debug|x86.ActiveCfg = Debug|Any CPU
		{82A763DA-D0D7-4B62-9906-B4621C807AE9}.Debug|x86.Build.0 = Debug|Any CPU
		{82A763DA-D0D7-4B62-9906-B4621C807AE9}.Debug-2017Early|Any CPU.ActiveCfg = Debug|Any CPU
		{82A763DA-D0D7-4B62-9906-B4621C807AE9}.Debug-2017Early|Any CPU.Build.0 = Debug|Any CPU
		{82A763DA-D0D7-4B62-9906-B4621C807AE9}.Debug-2017Early|x64.ActiveCfg = Debug|Any CPU
		{82A763DA-D0D7-4B62-9906-B4621C807AE9}.Debug-2017Early|x64.Build.0 = Debug|Any CPU
		{82A763DA-D0D7-4B62-9906-B4621C807AE9}.Debug-2017Early|x86.ActiveCfg = Debug|Any CPU
		{82A763DA-D0D7-4B62-9906-B4621C807AE9}.Debug-2017Early|x86.Build.0 = Debug|Any CPU
		{82A763DA-D0D7-4B62-9906-B4621C807AE9}.Debug-2017Goku|Any CPU.ActiveCfg = Debug|Any CPU
		{82A763DA-D0D7-4B62-9906-B4621C807AE9}.Debug-2017Goku|Any CPU.Build.0 = Debug|Any CPU
		{82A763DA-D0D7-4B62-9906-B4621C807AE9}.Debug-2017Goku|x64.ActiveCfg = Debug|Any CPU
		{82A763DA-D0D7-4B62-9906-B4621C807AE9}.Debug-2017Goku|x64.Build.0 = Debug|Any CPU
		{82A763DA-D0D7-4B62-9906-B4621C807AE9}.Debug-2017Goku|x86.ActiveCfg = Debug|Any CPU
		{82A763DA-D0D7-4B62-9906-B4621C807AE9}.Debug-2017Goku|x86.Build.0 = Debug|Any CPU
		{82A763DA-D0D7-4B62-9906-B4621C807AE9}.Debug-KifuGenerator|Any CPU.ActiveCfg = Debug|Any CPU
		{82A763DA-D0D7-4B62-9906-B4621C807AE9}.Debug-KifuGenerator|Any CPU.Build.0 = Debug|Any CPU
		{82A763DA-D0D7-4B62-9906-B4621C807AE9}.Debug-KifuGenerator|x64.ActiveCfg = Debug|Any CPU
		{82A763DA-D0D7-4B62-9906-B4621C807AE9}.Debug-KifuGenerator|x64.Build.0 = Debug|Any CPU
		{82A763DA-D0D7-4B62-9906-B4621C807AE9}.Debug-KifuGenerator|x86.ActiveCfg = Debug|Any CPU
		{82A763DA-D0D7-4B62-9906-B4621C807AE9}.Debug-KifuGenerator|x86.Build.0 = Debug|Any CPU
		{82A763DA-D0D7-4B62-9906-B4621C807AE9}.Debug-Learner|Any CPU.ActiveCfg = Debug|Any CPU
		{82A763DA-D0D7-4B62-9906-B4621C807AE9}.Debug-Learner|Any CPU.Build.0 = Debug|Any CPU
		{82A763DA-D0D7-4B62-9906-B4621C807AE9}.Debug-Learner|x64.ActiveCfg = Debug|Any CPU
		{82A763DA-D0D7-4B62-9906-B4621C807AE9}.Debug-Learner|x64.Build.0 = Debug|Any CPU
		{82A763DA-D0D7-4B62-9906-B4621C807AE9}.Debug-Learner|x86.ActiveCfg = Debug|Any CPU
		{82A763DA-D0D7-4B62-9906-B4621C807AE9}.Debug-Learner|x86.Build.0 = Debug|Any CPU
		{82A763DA-D0D7-4B62-9906-B4621C807AE9}.Debug-mate|Any CPU.ActiveCfg = Debug|Any CPU
		{82A763DA-D0D7-4B62-9906-B4621C807AE9}.Debug-mate|Any CPU.Build.0 = Debug|Any CPU
		{82A763DA-D0D7-4B62-9906-B4621C807AE9}.Debug-mate|x64.ActiveCfg = Debug|Any CPU
		{82A763DA-D0D7-4B62-9906-B4621C807AE9}.Debug-mate|x64.Build.0 = Debug|Any CPU
		{82A763DA-D0D7-4B62-9906-B4621C807AE9}.Debug-mate|x86.ActiveCfg = Debug|Any CPU
		{82A763DA-D0D7-4B62-9906-B4621C807AE9}.Debug-mate|x86.Build.0 = Debug|Any CPU
		{82A763DA-D0D7-4B62-9906-B4621C807AE9}.Debug-user|Any CPU.ActiveCfg = Debug|Any CPU
		{82A763DA-D0D7-4B62-9906-B4621C807AE9}.Debug-user|Any CPU.Build.0 = Debug|Any CPU
		{82A763DA-D0D7-4B62-9906-B4621C807AE9}.Debug-user|x64.ActiveCfg = Debug|Any CPU
		{82A763DA-D0D7-4B62-9906-B4621C807AE9}.Debug-user|x64.Build.0 = Debug|Any CPU
		{82A763DA-D0D7-4B62-9906-B4621C807AE9}.Debug-user|x86.ActiveCfg = Debug|Any CPU
		{82A763DA-D0D7-4B62-9906-B4621C807AE9}.Debug-user|x86.Build.0 = Debug|Any CPU
		{82A763DA-D0D7-4B62-9906-B4621C807AE9}.Release|Any CPU.ActiveCfg = Release|Any CPU
		{82A763DA-D0D7-4B62-9906-B4621C807AE9}.Release|Any CPU.Build.0 = Release|Any CPU
		{82A763DA-D0D7-4B62-9906-B4621C807AE9}.Release|x64.ActiveCfg = Release|Any CPU
		{82A763DA-D0D7-4B62-9906-B4621C807AE9}.Release|x64.Build.0 = Release|Any CPU
		{82A763DA-D0D7-4B62-9906-B4621C807AE9}.Release|x86.ActiveCfg = Release|Any CPU
		{82A763DA-D0D7-4B62-9906-B4621C807AE9}.Release|x86.Build.0 = Release|Any CPU
		{82A763DA-D0D7-4B62-9906-B4621C807AE9}.Release-2017Early|Any CPU.ActiveCfg = Release|Any CPU
		{82A763DA-D0D7-4B62-9906-B4621C807AE9}.Release-2017Early|Any CPU.Build.0 = Release|Any CPU
		{82A763DA-D0D7-4B62-9906-B4621C807AE9}.Release-2017Early|x64.ActiveCfg = Release|Any CPU
		{82A763DA-D0D7-4B62-9906-B4621C807AE9}.Release-2017Early|x64.Build.0 = Release|Any CPU
		{82A763DA-D0D7-4B62-9906-B4621C807AE9}.Release-2017Early|x86.ActiveCfg = Release|Any CPU
		{82A763DA-D0D7-4B62-9906-B4621C807AE9}.Release-2017Early|x86.Build.0 = Release|Any CPU
		{82A763DA-D0D7-4B62-9906-B4621C807AE9}.Release-2017EarlyLearn|Any CPU.ActiveCfg = Release|Any CPU
		{82A763DA-D0D7-4B62-9906-B4621C807AE9}.Release-2017EarlyLearn|x64.ActiveCfg = Release|Any CPU
		{82A763DA-D0D7-4B62-9906-B4621C807AE9}.Release-2017EarlyLearn|x86.ActiveCfg = Release|Any CPU
		{82A763DA-D0D7-4B62-9906-B4621C807AE9}.Release-2017Early-sse2|Any CPU.ActiveCfg = Release|Any CPU
		{82A763DA-D0D7-4B62-9906-B4621C807AE9}.Release-2017Early-sse2|Any CPU.Build.0 = Release|Any CPU
		{82A763DA-D0D7-4B62-9906-B4621C807AE9}.Release-2017Early-sse2|x64.ActiveCfg = Release|Any CPU
		{82A763DA-D0D7-4B62-9906-B4621C807AE9}.Release-2017Early-sse2|x64.Build.0 = Release|Any CPU
		{82A763DA-D0D7-4B62-9906-B4621C807AE9}.Release-2017Early-sse2|x86.ActiveCfg = Release|Any CPU
		{82A763DA-D0D7-4B62-9906-B4621C807AE9}.Release-2017Early-sse2|x86.Build.0 = Release|Any CPU
		{82A763DA-D0D7-4B62-9906-B4621C807AE9}.Release-2017Early-sse41|Any CPU.ActiveCfg = Release|Any CPU
		{82A763DA-D0D7-4B62-9906-B4621C807AE9}.Release-2017Early-sse41|Any CPU.Build.0 = Release|Any CPU
		{82A763DA-D0D7-4B62-9906-B4621C807AE9}.Release-2017Early-sse41|x64.ActiveCfg = Release|Any CPU
		{82A763DA-D0D7-4B62-9906-B4621C807AE9}.Release-2017Early-sse41|x64.Build.0 = Release|Any CPU
		{82A763DA-D0D7-4B62-9906-B4621C807AE9}.Release-2017Early-sse41|x86.ActiveCfg = Release|Any CPU
		{82A763DA-D0D7-4B62-9906-B4621C807AE9}.Release-2017Early-sse41|x86.Build.0 = Release|Any CPU
		{82A763DA-D0D7-4B62-9906-B4621C807AE9}.Release-2017Early-sse42|Any CPU.ActiveCfg = Release|Any CPU
		{82A763DA-D0D7-4B62-9906-B4621C807AE9}.Release-2017Early-sse42|Any CPU.Build.0 = Release|Any CPU
		{82A763DA-D0D7-4B62-9906-B4621C807AE9}.Release-2017Early-sse42|x64.ActiveCfg = Release|Any CPU
		{82A763DA-D0D7-4B62-9906-B4621C807AE9}.Release-2017Early-sse42|x64.Build.0 = Release|Any CPU
		{82A763DA-D0D7-4B62-9906-B4621C807AE9}.Release-2017Early-sse42|x86.ActiveCfg = Release|Any CPU
		{82A763DA-D0D7-4B62-9906-B4621C807AE9}.Release-2017Early-sse42|x86.Build.0 = Release|Any CPU
		{82A763DA-D0D7-4B62-9906-B4621C807AE9}.Release-2017Goku|Any CPU.ActiveCfg = Release|Any CPU
		{82A763DA-D0D7-4B62-9906-B4621C807AE9}.Release-2017Goku|Any CPU.Build.0 = Release|Any CPU
		{82A763DA-D0D7-4B62-9906-B4621C807AE9}.Release-2017Goku|x64.ActiveCfg = Release|Any CPU
		{82A763DA-D0D7-4B62-9906-B4621C807AE9}.Release-2017Goku|x64.Build.0 = Release|Any CPU
		{82A763DA-D0D7-4B62-9906-B4621C807AE9}.Release-2017Goku|x86.ActiveCfg = Release|Any CPU
		{82A763DA-D0D7-4B62-9906-B4621C807AE9}.Release-2017Goku|x86.Build.0 = Release|Any CPU
		{82A763DA-D0D7-4B62-9906-B4621C807AE9}.Release-2017Goku-sse2|Any CPU.ActiveCfg = Release|Any CPU
		{82A763DA-D0D7-4B62-9906-B4621C807AE9}.Release-2017Goku-sse2|Any CPU.Build.0 = Release|Any CPU
		{82A763DA-D0D7-4B62-9906-B4621C807AE9}.Release-2017Goku-sse2|x64.ActiveCfg = Release|Any CPU
		{82A763DA-D0D7-4B62-9906-B4621C807AE9}.Release-2017Goku-sse2|x64.Build.0 = Release|Any CPU
		{82A763DA-D0D7-4B62-9906-B4621C807AE9}.Release-2017Goku-sse2|x86.ActiveCfg = Release|Any CPU
		{82A763DA-D0D7-4B62-9906-B4621C807AE9}.Release-2017Goku-sse2|x86.Build.0 = Release|Any CPU
		{82A763DA-D0D7-4B62-9906-B4621C807AE9}.Release-2017Goku-sse41|Any CPU.ActiveCfg = Release|Any CPU
		{82A763DA-D0D7-4B62-9906-B4621C807AE9}.Release-2017Goku-sse41|Any CPU.Build.0 = Release|Any CPU
		{82A763DA-D0D7-4B62-9906-B4621C807AE9}.Release-2017Goku-sse41|x64.ActiveCfg = Release|Any CPU
		{82A763DA-D0D7-4B62-9906-B4621C807AE9}.Release-2017Goku-sse41|x64.Build.0 = Release|Any CPU
		{82A763DA-D0D7-4B62-9906-B4621C807AE9}.Release-2017Goku-sse41|x86.ActiveCfg = Release|Any CPU
		{82A763DA-D0D7-4B62-9906-B4621C807AE9}.Release-2017Goku-sse41|x86.Build.0 = Release|Any CPU
		{82A763DA-D0D7-4B62-9906-B4621C807AE9}.Release-2017Goku-sse42|Any CPU.ActiveCfg = Release|Any CPU
		{82A763DA-D0D7-4B62-9906-B4621C807AE9}.Release-2017Goku-sse42|Any CPU.Build.0 = Release|Any CPU
		{82A763DA-D0D7-4B62-9906-B4621C807AE9}.Release-2017Goku-sse42|x64.ActiveCfg = Release|Any CPU
		{82A763DA-D0D7-4B62-9906-B4621C807AE9}.Release-2017Goku-sse42|x64.Build.0 = Release|Any CPU
		{82A763DA-D0D7-4B62-9906-B4621C807AE9}.Release-2017Goku-sse42|x86.ActiveCfg = Release|Any CPU
		{82A763DA-D0D7-4B62-9906-B4621C807AE9}.Release-2017Goku-sse42|x86.Build.0 = Release|Any CPU
		{82A763DA-D0D7-4B62-9906-B4621C807AE9}.Release-KifuGenerator|Any CPU.ActiveCfg = Release|Any CPU
		{82A763DA-D0D7-4B62-9906-B4621C807AE9}.Release-KifuGenerator|Any CPU.Build.0 = Release|Any CPU
		{82A763DA-D0D7-4B62-9906-B4621C807AE9}.Release-KifuGenerator|x64.ActiveCfg = Release|Any CPU
		{82A763DA-D0D7-4B62-9906-B4621C807AE9}.Release-KifuGenerator|x64.Build.0 = Release|Any CPU
		{82A763DA-D0D7-4B62-9906-B4621C807AE9}.Release-KifuGenerator|x86.ActiveCfg = Release|Any CPU
		{82A763DA-D0D7-4B62-9906-B4621C807AE9}.Release-KifuGenerator|x86.Build.0 = Release|Any CPU
		{82A763DA-D0D7-4B62-9906-B4621C807AE9}.Release-Learner|Any CPU.ActiveCfg = Release|Any CPU
		{82A763DA-D0D7-4B62-9906-B4621C807AE9}.Release-Learner|Any CPU.Build.0 = Release|Any CPU
		{82A763DA-D0D7-4B62-9906-B4621C807AE9}.Release-Learner|x64.ActiveCfg = Release|Any CPU
		{82A763DA-D0D7-4B62-9906-B4621C807AE9}.Release-Learner|x64.Build.0 = Release|Any CPU
		{82A763DA-D0D7-4B62-9906-B4621C807AE9}.Release-Learner|x86.ActiveCfg = Release|Any CPU
		{82A763DA-D0D7-4B62-9906-B4621C807AE9}.Release-Learner|x86.Build.0 = Release|Any CPU
		{82A763DA-D0D7-4B62-9906-B4621C807AE9}.Release-mate|Any CPU.ActiveCfg = Release|Any CPU
		{82A763DA-D0D7-4B62-9906-B4621C807AE9}.Release-mate|Any CPU.Build.0 = Release|Any CPU
		{82A763DA-D0D7-4B62-9906-B4621C807AE9}.Release-mate|x64.ActiveCfg = Release|Any CPU
		{82A763DA-D0D7-4B62-9906-B4621C807AE9}.Release-mate|x64.Build.0 = Release|Any CPU
		{82A763DA-D0D7-4B62-9906-B4621C807AE9}.Release-mate|x86.ActiveCfg = Release|Any CPU
		{82A763DA-D0D7-4B62-9906-B4621C807AE9}.Release-mate|x86.Build.0 = Release|Any CPU
		{82A763DA-D0D7-4B62-9906-B4621C807AE9}.Release-mate-sse2|Any CPU.ActiveCfg = Release|Any CPU
		{82A763DA-D0D7-4B62-9906-B4621C807AE9}.Release-mate-sse2|Any CPU.Build.0 = Release|Any CPU
		{82A763DA-D0D7-4B62-9906-B4621C807AE9}.Release-mate-sse2|x64.ActiveCfg = Release|Any CPU
		{82A763DA-D0D7-4B62-9906-B4621C807AE9}.Release-mate-sse2|x64.Build.0 = Release|Any CPU
		{82A763DA-D0D7-4B62-9906-B4621C807AE9}.Release-mate-sse2|x86.ActiveCfg = Release|Any CPU
		{82A763DA-D0D7-4B62-9906-B4621C807AE9}.Release-mate-sse2|x86.Build.0 = Release|Any CPU
		{82A763DA-D0D7-4B62-9906-B4621C807AE9}.Release-mate-sse41|Any CPU.ActiveCfg = Release|Any CPU
		{82A763DA-D0D7-4B62-9906-B4621C807AE9}.Release-mate-sse41|Any CPU.Build.0 = Release|Any CPU
		{82A763DA-D0D7-4B62-9906-B4621C807AE9}.Release-mate-sse41|x64.ActiveCfg = Release|Any CPU
		{82A763DA-D0D7-4B62-9906-B4621C807AE9}.Release-mate-sse41|x64.Build.0 = Release|Any CPU
		{82A763DA-D0D7-4B62-9906-B4621C807AE9}.Release-mate-sse41|x86.ActiveCfg = Release|Any CPU
		{82A763DA-D0D7-4B62-9906-B4621C807AE9}.Release-mate-sse41|x86.Build.0 = Release|Any CPU
		{82A763DA-D0D7-4B62-9906-B4621C807AE9}.Release-mate-sse42|Any CPU.ActiveCfg = Release|Any CPU
		{82A763DA-D0D7-4B62-9906-B4621C807AE9}.Release-mate-sse42|Any CPU.Build.0 = Release|Any CPU
		{82A763DA-D0D7-4B62-9906-B4621C807AE9}.Release-mate-sse42|x64.ActiveCfg = Release|Any CPU
		{82A763DA-D0D7-4B62-9906-B4621C807AE9}.Release-mate-sse42|x64.Build.0 = Release|Any CPU
		{82A763DA-D0D7-4B62-9906-B4621C807AE9}.Release-mate-sse42|x86.ActiveCfg = Release|Any CPU
		{82A763DA-D0D7-4B62-9906-B4621C807AE9}.Release-mate-sse42|x86.Build.0 = Release|Any CPU
		{82A763DA-D0D7-4B62-9906-B4621C807AE9}.Release-user|Any CPU.ActiveCfg = Release|Any CPU
		{82A763DA-D0D7-4B62-9906-B4621C807AE9}.Release-user|Any CPU.Build.0 = Release|Any CPU
		{82A763DA-D0D7-4B62-9906-B4621C807AE9}.Release-user|x64.ActiveCfg = Release|Any CPU
		{82A763DA-D0D7-4B62-9906-B4621C807AE9}.Release-user|x64.Build.0 = Release|Any CPU
		{82A763DA-D0D7-4B62-9906-B4621C807AE9}.Release-user|x86.ActiveCfg = Release|Any CPU
		{82A763DA-D0D7-4B62-9906-B4621C807AE9}.Release-user|x86.Build.0 = Release|Any CPU
		{82A763DA-D0D7-4B62-9906-B4621C807AE9}.Release-user-sse2|Any CPU.ActiveCfg = Release|Any CPU
		{82A763DA-D0D7-4B62-9906-B4621C807AE9}.Release-user-sse2|Any CPU.Build.0 = Release|Any CPU
		{82A763DA-D0D7-4B62-9906-B4621C807AE9}.Release-user-sse2|x64.ActiveCfg = Release|Any CPU
		{82A763DA-D0D7-4B62-9906-B4621C807AE9}.Release-user-sse2|x64.Build.0 = Release|Any CPU
		{82A763DA-D0D7-4B62-9906-B4621C807AE9}.Release-user-sse2|x86.ActiveCfg = Release|Any CPU
		{82A763DA-D0D7-4B62-9906-B4621C807AE9}.Release-user-sse2|x86.Build.0 = Release|Any CPU
		{82A763DA-D0D7-4B62-9906-B4621C807AE9}.Release-user-sse41|Any CPU.ActiveCfg = Release|Any CPU
		{82A763DA-D0D7-4B62-9906-B4621C807AE9}.Release-user-sse41|Any CPU.Build.0 = Release|Any CPU
		{82A763DA-D0D7-4B62-9906-B4621C807AE9}.Release-user-sse41|x64.ActiveCfg = Release|Any CPU
		{82A763DA-D0D7-4B62-9906-B4621C807AE9}.Release-user-sse41|x64.Build.0 = Release|Any CPU
		{82A763DA-D0D7-4B62-9906-B4621C807AE9}.Release-user-sse41|x86.ActiveCfg = Release|Any CPU
		{82A763DA-D0D7-4B62-9906-B4621C807AE9}.Release-user-sse41|x86.Build.0 = Release|Any CPU
		{82A763DA-D0D7-4B62-9906-B4621C807AE9}.Release-user-sse42|Any CPU.ActiveCfg = Release|Any CPU
		{82A763DA-D0D7-4B62-9906-B4621C807AE9}.Release-user-sse42|Any CPU.Build.0 = Release|Any CPU
		{82A763DA-D0D7-4B62-9906-B4621C807AE9}.Release-user-sse42|x64.ActiveCfg = Release|Any CPU
		{82A763DA-D0D7-4B62-9906-B4621C807AE9}.Release-user-sse42|x64.Build.0 = Release|Any CPU
		{82A763DA-D0D7-4B62-9906-B4621C807AE9}.Release-user-sse42|x86.ActiveCfg = Release|Any CPU
		{82A763DA-D0D7-4B62-9906-B4621C807AE9}.Release-user-sse42|x86.Build.0 = Release|Any CPU
		{2944D269-829B-4B9D-AB0E-F90A50204A21}.Debug|Any CPU.ActiveCfg = Debug|Any CPU
		{2944D269-829B-4B9D-AB0E-F90A50204A21}.Debug|x64.ActiveCfg = Debug|Any CPU
		{2944D269-829B-4B9D-AB0E-F90A50204A21}.Debug|x86.ActiveCfg = Debug|Any CPU
		{2944D269-829B-4B9D-AB0E-F90A50204A21}.Debug-2017Early|Any CPU.ActiveCfg = Debug|Any CPU
		{2944D269-829B-4B9D-AB0E-F90A50204A21}.Debug-2017Early|x64.ActiveCfg = Debug|Any CPU
		{2944D269-829B-4B9D-AB0E-F90A50204A21}.Debug-2017Early|x86.ActiveCfg = Debug|Any CPU
		{2944D269-829B-4B9D-AB0E-F90A50204A21}.Debug-2017Goku|Any CPU.ActiveCfg = Debug|Any CPU
		{2944D269-829B-4B9D-AB0E-F90A50204A21}.Debug-2017Goku|x64.ActiveCfg = Debug|Any CPU
		{2944D269-829B-4B9D-AB0E-F90A50204A21}.Debug-2017Goku|x86.ActiveCfg = Debug|Any CPU
		{2944D269-829B-4B9D-AB0E-F90A50204A21}.Debug-KifuGenerator|Any CPU.ActiveCfg = Debug|Any CPU
		{2944D269-829B-4B9D-AB0E-F90A50204A21}.Debug-KifuGenerator|x64.ActiveCfg = Debug|Any CPU
		{2944D269-829B-4B9D-AB0E-F90A50204A21}.Debug-KifuGenerator|x86.ActiveCfg = Debug|Any CPU
		{2944D269-829B-4B9D-AB0E-F90A50204A21}.Debug-Learner|Any CPU.ActiveCfg = Debug|Any CPU
		{2944D269-829B-4B9D-AB0E-F90A50204A21}.Debug-Learner|x64.ActiveCfg = Debug|Any CPU
		{2944D269-829B-4B9D-AB0E-F90A50204A21}.Debug-Learner|x86.ActiveCfg = Debug|Any CPU
		{2944D269-829B-4B9D-AB0E-F90A50204A21}.Debug-mate|Any CPU.ActiveCfg = Debug|Any CPU
		{2944D269-829B-4B9D-AB0E-F90A50204A21}.Debug-mate|x64.ActiveCfg = Debug|Any CPU
		{2944D269-829B-4B9D-AB0E-F90A50204A21}.Debug-mate|x86.ActiveCfg = Debug|Any CPU
		{2944D269-829B-4B9D-AB0E-F90A50204A21}.Debug-user|Any CPU.ActiveCfg = Debug|Any CPU
		{2944D269-829B-4B9D-AB0E-F90A50204A21}.Debug-user|x64.ActiveCfg = Debug|Any CPU
		{2944D269-829B-4B9D-AB0E-F90A50204A21}.Debug-user|x86.ActiveCfg = Debug|Any CPU
		{2944D269-829B-4B9D-AB0E-F90A50204A21}.Release|Any CPU.ActiveCfg = Release|Any CPU
		{2944D269-829B-4B9D-AB0E-F90A50204A21}.Release|x64.ActiveCfg = Release|Any CPU
		{2944D269-829B-4B9D-AB0E-F90A50204A21}.Release|x86.ActiveCfg = Release|Any CPU
		{2944D269-829B-4B9D-AB0E-F90A50204A21}.Release-2017Early|Any CPU.ActiveCfg = Release|Any CPU
		{2944D269-829B-4B9D-AB0E-F90A50204A21}.Release-2017Early|x64.ActiveCfg = Release|Any CPU
		{2944D269-829B-4B9D-AB0E-F90A50204A21}.Release-2017Early|x86.ActiveCfg = Release|Any CPU
		{2944D269-829B-4B9D-AB0E-F90A50204A21}.Release-2017EarlyLearn|Any CPU.ActiveCfg = Release|Any CPU
		{2944D269-829B-4B9D-AB0E-F90A50204A21}.Release-2017EarlyLearn|x64.ActiveCfg = Release|Any CPU
		{2944D269-829B-4B9D-AB0E-F90A50204A21}.Release-2017EarlyLearn|x86.ActiveCfg = Release|Any CPU
		{2944D269-829B-4B9D-AB0E-F90A50204A21}.Release-2017Early-sse2|Any CPU.ActiveCfg = Release|Any CPU
		{2944D269-829B-4B9D-AB0E-F90A50204A21}.Release-2017Early-sse2|x64.ActiveCfg = Release|Any CPU
		{2944D269-829B-4B9D-AB0E-F90A50204A21}.Release-2017Early-sse2|x86.ActiveCfg = Release|Any CPU
		{2944D269-829B-4B9D-AB0E-F90A50204A21}.Release-2017Early-sse41|Any CPU.ActiveCfg = Release|Any CPU
		{2944D269-829B-4B9D-AB0E-F90A50204A21}.Release-2017Early-sse41|x64.ActiveCfg = Release|Any CPU
		{2944D269-829B-4B9D-AB0E-F90A50204A21}.Release-2017Early-sse41|x86.ActiveCfg = Release|Any CPU
		{2944D269-829B-4B9D-AB0E-F90A50204A21}.Release-2017Early-sse42|Any CPU.ActiveCfg = Release|Any CPU
		{2944D269-829B-4B9D-AB0E-F90A50204A21}.Release-2017Early-sse42|x64.ActiveCfg = Release|Any CPU
		{2944D269-829B-4B9D-AB0E-F90A50204A21}.Release-2017Early-sse42|x86.ActiveCfg = Release|Any CPU
		{2944D269-829B-4B9D-AB0E-F90A50204A21}.Release-2017Goku|Any CPU.ActiveCfg = Release|Any CPU
		{2944D269-829B-4B9D-AB0E-F90A50204A21}.Release-2017Goku|x64.ActiveCfg = Release|Any CPU
		{2944D269-829B-4B9D-AB0E-F90A50204A21}.Release-2017Goku|x86.ActiveCfg = Release|Any CPU
		{2944D269-829B-4B9D-AB0E-F90A50204A21}.Release-2017Goku-sse2|Any CPU.ActiveCfg = Release|Any CPU
		{2944D269-829B-4B9D-AB0E-F90A50204A21}.Release-2017Goku-sse2|x64.ActiveCfg = Release|Any CPU
		{2944D269-829B-4B9D-AB0E-F90A50204A21}.Release-2017Goku-sse2|x86.ActiveCfg = Release|Any CPU
		{2944D269-829B-4B9D-AB0E-F90A50204A21}.Release-2017Goku-sse41|Any CPU.ActiveCfg = Release|Any CPU
		{2944D269-829B-4B9D-AB0E-F90A50204A21}.Release-2017Goku-sse41|x64.ActiveCfg = Release|Any CPU
		{2944D269-829B-4B9D-AB0E-F90A50204A21}.Release-2017Goku-sse41|x86.ActiveCfg = Release|Any CPU
		{2944D269-829B-4B9D-AB0E-F90A50204A21}.Release-2017Goku-sse42|Any CPU.ActiveCfg = Release|Any CPU
		{2944D269-829B-4B9D-AB0E-F90A50204A21}.Release-2017Goku-sse42|x64.ActiveCfg = Release|Any CPU
		{2944D269-829B-4B9D-AB0E-F90A50204A21}.Release-2017Goku-sse42|x86.ActiveCfg = Release|Any CPU
		{2944D269-829B-4B9D-AB0E-F90A50204A21}.Release-KifuGenerator|Any CPU.ActiveCfg = Release|Any CPU
		{2944D269-829B-4B9D-AB0E-F90A50204A21}.Release-KifuGenerator|x64.ActiveCfg = Release|Any CPU
		{2944D269-829B-4B9D-AB0E-F90A50204A21}.Release-KifuGenerator|x86.ActiveCfg = Release|Any CPU
		{2944D269-829B-4B9D-AB0E-F90A50204A21}.Release-Learner|Any CPU.ActiveCfg = Release|Any CPU
		{2944D269-829B-4B9D-AB0E-F90A50204A21}.Release-Learner|x64.ActiveCfg = Release|Any CPU
		{2944D269-829B-4B9D-AB0E-F90A50204A21}.Release-Learner|x86.ActiveCfg = Release|Any CPU
		{2944D269-829B-4B9D-AB0E-F90A50204A21}.Release-mate|Any CPU.ActiveCfg = Release|Any CPU
		{2944D269-829B-4B9D-AB0E-F90A50204A21}.Release-mate|x64.ActiveCfg = Release|Any CPU
		{2944D269-829B-4B9D-AB0E-F90A50204A21}.Release-mate|x86.ActiveCfg = Release|Any CPU
		{2944D269-829B-4B9D-AB0E-F90A50204A21}.Release-mate-sse2|Any CPU.ActiveCfg = Release|Any CPU
		{2944D269-829B-4B9D-AB0E-F90A50204A21}.Release-mate-sse2|x64.ActiveCfg = Release|Any CPU
		{2944D269-829B-4B9D-AB0E-F90A50204A21}.Release-mate-sse2|x86.ActiveCfg = Release|Any CPU
		{2944D269-829B-4B9D-AB0E-F90A50204A21}.Release-mate-sse41|Any CPU.ActiveCfg = Release|Any CPU
		{2944D269-829B-4B9D-AB0E-F90A50204A21}.Release-mate-sse41|x64.ActiveCfg = Release|Any CPU
		{2944D269-829B-4B9D-AB0E-F90A50204A21}.Release-mate-sse41|x86.ActiveCfg = Release|Any CPU
		{2944D269-829B-4B9D-AB0E-F90A50204A21}.Release-mate-sse42|Any CPU.ActiveCfg = Release|Any CPU
		{2944D269-829B-4B9D-AB0E-F90A50204A21}.Release-mate-sse42|x64.ActiveCfg = Release|Any CPU
		{2944D269-829B-4B9D-AB0E-F90A50204A21}.Release-mate-sse42|x86.ActiveCfg = Release|Any CPU
		{2944D269-829B-4B9D-AB0E-F90A50204A21}.Release-user|Any CPU.ActiveCfg = Release|Any CPU
		{2944D269-829B-4B9D-AB0E-F90A50204A21}.Release-user|x64.ActiveCfg = Release|Any CPU
		{2944D269-829B-4B9D-AB0E-F90A50204A21}.Release-user|x86.ActiveCfg = Release|Any CPU
		{2944D269-829B-4B9D-AB0E-F90A50204A21}.Release-user-sse2|Any CPU.ActiveCfg = Release|Any CPU
		{2944D269-829B-4B9D-AB0E-F90A50204A21}.Release-user-sse2|x64.ActiveCfg = Release|Any CPU
		{2944D269-829B-4B9D-AB0E-F90A50204A21}.Release-user-sse2|x86.ActiveCfg = Release|Any CPU
		{2944D269-829B-4B9D-AB0E-F90A50204A21}.Release-user-sse41|Any CPU.ActiveCfg = Release|Any CPU
		{2944D269-829B-4B9D-AB0E-F90A50204A21}.Release-user-sse41|x64.ActiveCfg = Release|Any CPU
		{2944D269-829B-4B9D-AB0E-F90A50204A21}.Release-user-sse41|x86.ActiveCfg = Release|Any CPU
		{2944D269-829B-4B9D-AB0E-F90A50204A21}.Release-user-sse42|Any CPU.ActiveCfg = Release|Any CPU
		{2944D269-829B-4B9D-AB0E-F90A50204A21}.Release-user-sse42|x64.ActiveCfg = Release|Any CPU
		{2944D269-829B-4B9D-AB0E-F90A50204A21}.Release-user-sse42|x86.ActiveCfg = Release|Any CPU
		{9C8A4B51-BD93-4584-80DD-9E410B1DF503}.Debug|Any CPU.ActiveCfg = Debug|Any CPU
		{9C8A4B51-BD93-4584-80DD-9E410B1DF503}.Debug|Any CPU.Build.0 = Debug|Any CPU
		{9C8A4B51-BD93-4584-80DD-9E410B1DF503}.Debug|x64.ActiveCfg = Debug|Any CPU
		{9C8A4B51-BD93-4584-80DD-9E410B1DF503}.Debug|x64.Build.0 = Debug|Any CPU
		{9C8A4B51-BD93-4584-80DD-9E410B1DF503}.Debug|x86.ActiveCfg = Debug|Any CPU
		{9C8A4B51-BD93-4584-80DD-9E410B1DF503}.Debug|x86.Build.0 = Debug|Any CPU
		{9C8A4B51-BD93-4584-80DD-9E410B1DF503}.Debug-2017Early|Any CPU.ActiveCfg = Debug|Any CPU
		{9C8A4B51-BD93-4584-80DD-9E410B1DF503}.Debug-2017Early|Any CPU.Build.0 = Debug|Any CPU
		{9C8A4B51-BD93-4584-80DD-9E410B1DF503}.Debug-2017Early|x64.ActiveCfg = Debug|Any CPU
		{9C8A4B51-BD93-4584-80DD-9E410B1DF503}.Debug-2017Early|x64.Build.0 = Debug|Any CPU
		{9C8A4B51-BD93-4584-80DD-9E410B1DF503}.Debug-2017Early|x86.ActiveCfg = Debug|Any CPU
		{9C8A4B51-BD93-4584-80DD-9E410B1DF503}.Debug-2017Early|x86.Build.0 = Debug|Any CPU
		{9C8A4B51-BD93-4584-80DD-9E410B1DF503}.Debug-2017Goku|Any CPU.ActiveCfg = Debug|Any CPU
		{9C8A4B51-BD93-4584-80DD-9E410B1DF503}.Debug-2017Goku|Any CPU.Build.0 = Debug|Any CPU
		{9C8A4B51-BD93-4584-80DD-9E410B1DF503}.Debug-2017Goku|x64.ActiveCfg = Debug|Any CPU
		{9C8A4B51-BD93-4584-80DD-9E410B1DF503}.Debug-2017Goku|x64.Build.0 = Debug|Any CPU
		{9C8A4B51-BD93-4584-80DD-9E410B1DF503}.Debug-2017Goku|x86.ActiveCfg = Debug|Any CPU
		{9C8A4B51-BD93-4584-80DD-9E410B1DF503}.Debug-2017Goku|x86.Build.0 = Debug|Any CPU
		{9C8A4B51-BD93-4584-80DD-9E410B1DF503}.Debug-KifuGenerator|Any CPU.ActiveCfg = Debug|Any CPU
		{9C8A4B51-BD93-4584-80DD-9E410B1DF503}.Debug-KifuGenerator|Any CPU.Build.0 = Debug|Any CPU
		{9C8A4B51-BD93-4584-80DD-9E410B1DF503}.Debug-KifuGenerator|x64.ActiveCfg = Debug|Any CPU
		{9C8A4B51-BD93-4584-80DD-9E410B1DF503}.Debug-KifuGenerator|x64.Build.0 = Debug|Any CPU
		{9C8A4B51-BD93-4584-80DD-9E410B1DF503}.Debug-KifuGenerator|x86.ActiveCfg = Debug|Any CPU
		{9C8A4B51-BD93-4584-80DD-9E410B1DF503}.Debug-KifuGenerator|x86.Build.0 = Debug|Any CPU
		{9C8A4B51-BD93-4584-80DD-9E410B1DF503}.Debug-Learner|Any CPU.ActiveCfg = Debug|Any CPU
		{9C8A4B51-BD93-4584-80DD-9E410B1DF503}.Debug-Learner|Any CPU.Build.0 = Debug|Any CPU
		{9C8A4B51-BD93-4584-80DD-9E410B1DF503}.Debug-Learner|x64.ActiveCfg = Debug|Any CPU
		{9C8A4B51-BD93-4584-80DD-9E410B1DF503}.Debug-Learner|x64.Build.0 = Debug|Any CPU
		{9C8A4B51-BD93-4584-80DD-9E410B1DF503}.Debug-Learner|x86.ActiveCfg = Debug|Any CPU
		{9C8A4B51-BD93-4584-80DD-9E410B1DF503}.Debug-Learner|x86.Build.0 = Debug|Any CPU
		{9C8A4B51-BD93-4584-80DD-9E410B1DF503}.Debug-mate|Any CPU.ActiveCfg = Debug|Any CPU
		{9C8A4B51-BD93-4584-80DD-9E410B1DF503}.Debug-mate|Any CPU.Build.0 = Debug|Any CPU
		{9C8A4B51-BD93-4584-80DD-9E410B1DF503}.Debug-mate|x64.ActiveCfg = Debug|Any CPU
		{9C8A4B51-BD93-4584-80DD-9E410B1DF503}.Debug-mate|x64.Build.0 = Debug|Any CPU
		{9C8A4B51-BD93-4584-80DD-9E410B1DF503}.Debug-mate|x86.ActiveCfg = Debug|Any CPU
		{9C8A4B51-BD93-4584-80DD-9E410B1DF503}.Debug-mate|x86.Build.0 = Debug|Any CPU
		{9C8A4B51-BD93-4584-80DD-9E410B1DF503}.Debug-user|Any CPU.ActiveCfg = Debug|Any CPU
		{9C8A4B51-BD93-4584-80DD-9E410B1DF503}.Debug-user|Any CPU.Build.0 = Debug|Any CPU
		{9C8A4B51-BD93-4584-80DD-9E410B1DF503}.Debug-user|x64.ActiveCfg = Debug|Any CPU
		{9C8A4B51-BD93-4584-80DD-9E410B1DF503}.Debug-user|x64.Build.0 = Debug|Any CPU
		{9C8A4B51-BD93-4584-80DD-9E410B1DF503}.Debug-user|x86.ActiveCfg = Debug|Any CPU
		{9C8A4B51-BD93-4584-80DD-9E410B1DF503}.Debug-user|x86.Build.0 = Debug|Any CPU
		{9C8A4B51-BD93-4584-80DD-9E410B1DF503}.Release|Any CPU.ActiveCfg = Release|Any CPU
		{9C8A4B51-BD93-4584-80DD-9E410B1DF503}.Release|Any CPU.Build.0 = Release|Any CPU
		{9C8A4B51-BD93-4584-80DD-9E410B1DF503}.Release|x64.ActiveCfg = Release|Any CPU
		{9C8A4B51-BD93-4584-80DD-9E410B1DF503}.Release|x64.Build.0 = Release|Any CPU
		{9C8A4B51-BD93-4584-80DD-9E410B1DF503}.Release|x86.ActiveCfg = Release|Any CPU
		{9C8A4B51-BD93-4584-80DD-9E410B1DF503}.Release|x86.Build.0 = Release|Any CPU
		{9C8A4B51-BD93-4584-80DD-9E410B1DF503}.Release-2017Early|Any CPU.ActiveCfg = Release|Any CPU
		{9C8A4B51-BD93-4584-80DD-9E410B1DF503}.Release-2017Early|Any CPU.Build.0 = Release|Any CPU
		{9C8A4B51-BD93-4584-80DD-9E410B1DF503}.Release-2017Early|x64.ActiveCfg = Release|Any CPU
		{9C8A4B51-BD93-4584-80DD-9E410B1DF503}.Release-2017Early|x64.Build.0 = Release|Any CPU
		{9C8A4B51-BD93-4584-80DD-9E410B1DF503}.Release-2017Early|x86.ActiveCfg = Release|Any CPU
		{9C8A4B51-BD93-4584-80DD-9E410B1DF503}.Release-2017Early|x86.Build.0 = Release|Any CPU
		{9C8A4B51-BD93-4584-80DD-9E410B1DF503}.Release-2017EarlyLearn|Any CPU.ActiveCfg = Release|Any CPU
		{9C8A4B51-BD93-4584-80DD-9E410B1DF503}.Release-2017EarlyLearn|x64.ActiveCfg = Release|Any CPU
		{9C8A4B51-BD93-4584-80DD-9E410B1DF503}.Release-2017EarlyLearn|x86.ActiveCfg = Release|Any CPU
		{9C8A4B51-BD93-4584-80DD-9E410B1DF503}.Release-2017Early-sse2|Any CPU.ActiveCfg = Release|Any CPU
		{9C8A4B51-BD93-4584-80DD-9E410B1DF503}.Release-2017Early-sse2|Any CPU.Build.0 = Release|Any CPU
		{9C8A4B51-BD93-4584-80DD-9E410B1DF503}.Release-2017Early-sse2|x64.ActiveCfg = Release|Any CPU
		{9C8A4B51-BD93-4584-80DD-9E410B1DF503}.Release-2017Early-sse2|x64.Build.0 = Release|Any CPU
		{9C8A4B51-BD93-4584-80DD-9E410B1DF503}.Release-2017Early-sse2|x86.ActiveCfg = Release|Any CPU
		{9C8A4B51-BD93-4584-80DD-9E410B1DF503}.Release-2017Early-sse2|x86.Build.0 = Release|Any CPU
		{9C8A4B51-BD93-4584-80DD-9E410B1DF503}.Release-2017Early-sse41|Any CPU.ActiveCfg = Release|Any CPU
		{9C8A4B51-BD93-4584-80DD-9E410B1DF503}.Release-2017Early-sse41|Any CPU.Build.0 = Release|Any CPU
		{9C8A4B51-BD93-4584-80DD-9E410B1DF503}.Release-2017Early-sse41|x64.ActiveCfg = Release|Any CPU
		{9C8A4B51-BD93-4584-80DD-9E410B1DF503}.Release-2017Early-sse41|x64.Build.0 = Release|Any CPU
		{9C8A4B51-BD93-4584-80DD-9E410B1DF503}.Release-2017Early-sse41|x86.ActiveCfg = Release|Any CPU
		{9C8A4B51-BD93-4584-80DD-9E410B1DF503}.Release-2017Early-sse41|x86.Build.0 = Release|Any CPU
		{9C8A4B51-BD93-4584-80DD-9E410B1DF503}.Release-2017Early-sse42|Any CPU.ActiveCfg = Release|Any CPU
		{9C8A4B51-BD93-4584-80DD-9E410B1DF503}.Release-2017Early-sse42|Any CPU.Build.0 = Release|Any CPU
		{9C8A4B51-BD93-4584-80DD-9E410B1DF503}.Release-2017Early-sse42|x64.ActiveCfg = Release|Any CPU
		{9C8A4B51-BD93-4584-80DD-9E410B1DF503}.Release-2017Early-sse42|x64.Build.0 = Release|Any CPU
		{9C8A4B51-BD93-4584-80DD-9E410B1DF503}.Release-2017Early-sse42|x86.ActiveCfg = Release|Any CPU
		{9C8A4B51-BD93-4584-80DD-9E410B1DF503}.Release-2017Early-sse42|x86.Build.0 = Release|Any CPU
		{9C8A4B51-BD93-4584-80DD-9E410B1DF503}.Release-2017Goku|Any CPU.ActiveCfg = Release|Any CPU
		{9C8A4B51-BD93-4584-80DD-9E410B1DF503}.Release-2017Goku|Any CPU.Build.0 = Release|Any CPU
		{9C8A4B51-BD93-4584-80DD-9E410B1DF503}.Release-2017Goku|x64.ActiveCfg = Release|Any CPU
		{9C8A4B51-BD93-4584-80DD-9E410B1DF503}.Release-2017Goku|x64.Build.0 = Release|Any CPU
		{9C8A4B51-BD93-4584-80DD-9E410B1DF503}.Release-2017Goku|x86.ActiveCfg = Release|Any CPU
		{9C8A4B51-BD93-4584-80DD-9E410B1DF503}.Release-2017Goku|x86.Build.0 = Release|Any CPU
		{9C8A4B51-BD93-4584-80DD-9E410B1DF503}.Release-2017Goku-sse2|Any CPU.ActiveCfg = Release|Any CPU
		{9C8A4B51-BD93-4584-80DD-9E410B1DF503}.Release-2017Goku-sse2|Any CPU.Build.0 = Release|Any CPU
		{9C8A4B51-BD93-4584-80DD-9E410B1DF503}.Release-2017Goku-sse2|x64.ActiveCfg = Release|Any CPU
		{9C8A4B51-BD93-4584-80DD-9E410B1DF503}.Release-2017Goku-sse2|x64.Build.0 = Release|Any CPU
		{9C8A4B51-BD93-4584-80DD-9E410B1DF503}.Release-2017Goku-sse2|x86.ActiveCfg = Release|Any CPU
		{9C8A4B51-BD93-4584-80DD-9E410B1DF503}.Release-2017Goku-sse2|x86.Build.0 = Release|Any CPU
		{9C8A4B51-BD93-4584-80DD-9E410B1DF503}.Release-2017Goku-sse41|Any CPU.ActiveCfg = Release|Any CPU
		{9C8A4B51-BD93-4584-80DD-9E410B1DF503}.Release-2017Goku-sse41|Any CPU.Build.0 = Release|Any CPU
		{9C8A4B51-BD93-4584-80DD-9E410B1DF503}.Release-2017Goku-sse41|x64.ActiveCfg = Release|Any CPU
		{9C8A4B51-BD93-4584-80DD-9E410B1DF503}.Release-2017Goku-sse41|x64.Build.0 = Release|Any CPU
		{9C8A4B51-BD93-4584-80DD-9E410B1DF503}.Release-2017Goku-sse41|x86.ActiveCfg = Release|Any CPU
		{9C8A4B51-BD93-4584-80DD-9E410B1DF503}.Release-2017Goku-sse41|x86.Build.0 = Release|Any CPU
		{9C8A4B51-BD93-4584-80DD-9E410B1DF503}.Release-2017Goku-sse42|Any CPU.ActiveCfg = Release|Any CPU
		{9C8A4B51-BD93-4584-80DD-9E410B1DF503}.Release-2017Goku-sse42|Any CPU.Build.0 = Release|Any CPU
		{9C8A4B51-BD93-4584-80DD-9E410B1DF503}.Release-2017Goku-sse42|x64.ActiveCfg = Release|Any CPU
		{9C8A4B51-BD93-4584-80DD-9E410B1DF503}.Release-2017Goku-sse42|x64.Build.0 = Release|Any CPU
		{9C8A4B51-BD93-4584-80DD-9E410B1DF503}.Release-2017Goku-sse42|x86.ActiveCfg = Release|Any CPU
		{9C8A4B51-BD93-4584-80DD-9E410B1DF503}.Release-2017Goku-sse42|x86.Build.0 = Release|Any CPU
		{9C8A4B51-BD93-4584-80DD-9E410B1DF503}.Release-KifuGenerator|Any CPU.ActiveCfg = Release|Any CPU
		{9C8A4B51-BD93-4584-80DD-9E410B1DF503}.Release-KifuGenerator|Any CPU.Build.0 = Release|Any CPU
		{9C8A4B51-BD93-4584-80DD-9E410B1DF503}.Release-KifuGenerator|x64.ActiveCfg = Release|Any CPU
		{9C8A4B51-BD93-4584-80DD-9E410B1DF503}.Release-KifuGenerator|x64.Build.0 = Release|Any CPU
		{9C8A4B51-BD93-4584-80DD-9E410B1DF503}.Release-KifuGenerator|x86.ActiveCfg = Release|Any CPU
		{9C8A4B51-BD93-4584-80DD-9E410B1DF503}.Release-KifuGenerator|x86.Build.0 = Release|Any CPU
		{9C8A4B51-BD93-4584-80DD-9E410B1DF503}.Release-Learner|Any CPU.ActiveCfg = Release|Any CPU
		{9C8A4B51-BD93-4584-80DD-9E410B1DF503}.Release-Learner|Any CPU.Build.0 = Release|Any CPU
		{9C8A4B51-BD93-4584-80DD-9E410B1DF503}.Release-Learner|x64.ActiveCfg = Release|Any CPU
		{9C8A4B51-BD93-4584-80DD-9E410B1DF503}.Release-Learner|x64.Build.0 = Release|Any CPU
		{9C8A4B51-BD93-4584-80DD-9E410B1DF503}.Release-Learner|x86.ActiveCfg = Release|Any CPU
		{9C8A4B51-BD93-4584-80DD-9E410B1DF503}.Release-Learner|x86.Build.0 = Release|Any CPU
		{9C8A4B51-BD93-4584-80DD-9E410B1DF503}.Release-mate|Any CPU.ActiveCfg = Release|Any CPU
		{9C8A4B51-BD93-4584-80DD-9E410B1DF503}.Release-mate|Any CPU.Build.0 = Release|Any CPU
		{9C8A4B51-BD93-4584-80DD-9E410B1DF503}.Release-mate|x64.ActiveCfg = Release|Any CPU
		{9C8A4B51-BD93-4584-80DD-9E410B1DF503}.Release-mate|x64.Build.0 = Release|Any CPU
		{9C8A4B51-BD93-4584-80DD-9E410B1DF503}.Release-mate|x86.ActiveCfg = Release|Any CPU
		{9C8A4B51-BD93-4584-80DD-9E410B1DF503}.Release-mate|x86.Build.0 = Release|Any CPU
		{9C8A4B51-BD93-4584-80DD-9E410B1DF503}.Release-mate-sse2|Any CPU.ActiveCfg = Release|Any CPU
		{9C8A4B51-BD93-4584-80DD-9E410B1DF503}.Release-mate-sse2|Any CPU.Build.0 = Release|Any CPU
		{9C8A4B51-BD93-4584-80DD-9E410B1DF503}.Release-mate-sse2|x64.ActiveCfg = Release|Any CPU
		{9C8A4B51-BD93-4584-80DD-9E410B1DF503}.Release-mate-sse2|x64.Build.0 = Release|Any CPU
		{9C8A4B51-BD93-4584-80DD-9E410B1DF503}.Release-mate-sse2|x86.ActiveCfg = Release|Any CPU
		{9C8A4B51-BD93-4584-80DD-9E410B1DF503}.Release-mate-sse2|x86.Build.0 = Release|Any CPU
		{9C8A4B51-BD93-4584-80DD-9E410B1DF503}.Release-mate-sse41|Any CPU.ActiveCfg = Release|Any CPU
		{9C8A4B51-BD93-4584-80DD-9E410B1DF503}.Release-mate-sse41|Any CPU.Build.0 = Release|Any CPU
		{9C8A4B51-BD93-4584-80DD-9E410B1DF503}.Release-mate-sse41|x64.ActiveCfg = Release|Any CPU
		{9C8A4B51-BD93-4584-80DD-9E410B1DF503}.Release-mate-sse41|x64.Build.0 = Release|Any CPU
		{9C8A4B51-BD93-4584-80DD-9E410B1DF503}.Release-mate-sse41|x86.ActiveCfg = Release|Any CPU
		{9C8A4B51-BD93-4584-80DD-9E410B1DF503}.Release-mate-sse41|x86.Build.0 = Release|Any CPU
		{9C8A4B51-BD93-4584-80DD-9E410B1DF503}.Release-mate-sse42|Any CPU.ActiveCfg = Release|Any CPU
		{9C8A4B51-BD93-4584-80DD-9E410B1DF503}.Release-mate-sse42|Any CPU.Build.0 = Release|Any CPU
		{9C8A4B51-BD93-4584-80DD-9E410B1DF503}.Release-mate-sse42|x64.ActiveCfg = Release|Any CPU
		{9C8A4B51-BD93-4584-80DD-9E410B1DF503}.Release-mate-sse42|x64.Build.0 = Release|Any CPU
		{9C8A4B51-BD93-4584-80DD-9E410B1DF503}.Release-mate-sse42|x86.ActiveCfg = Release|Any CPU
		{9C8A4B51-BD93-4584-80DD-9E410B1DF503}.Release-mate-sse42|x86.Build.0 = Release|Any CPU
		{9C8A4B51-BD93-4584-80DD-9E410B1DF503}.Release-user|Any CPU.ActiveCfg = Release|Any CPU
		{9C8A4B51-BD93-4584-80DD-9E410B1DF503}.Release-user|Any CPU.Build.0 = Release|Any CPU
		{9C8A4B51-BD93-4584-80DD-9E410B1DF503}.Release-user|x64.ActiveCfg = Release|Any CPU
		{9C8A4B51-BD93-4584-80DD-9E410B1DF503}.Release-user|x64.Build.0 = Release|Any CPU
		{9C8A4B51-BD93-4584-80DD-9E410B1DF503}.Release-user|x86.ActiveCfg = Release|Any CPU
		{9C8A4B51-BD93-4584-80DD-9E410B1DF503}.Release-user|x86.Build.0 = Release|Any CPU
		{9C8A4B51-BD93-4584-80DD-9E410B1DF503}.Release-user-sse2|Any CPU.ActiveCfg = Release|Any CPU
		{9C8A4B51-BD93-4584-80DD-9E410B1DF503}.Release-user-sse2|Any CPU.Build.0 = Release|Any CPU
		{9C8A4B51-BD93-4584-80DD-9E410B1DF503}.Release-user-sse2|x64.ActiveCfg = Release|Any CPU
		{9C8A4B51-BD93-4584-80DD-9E410B1DF503}.Release-user-sse2|x64.Build.0 = Release|Any CPU
		{9C8A4B51-BD93-4584-80DD-9E410B1DF503}.Release-user-sse2|x86.ActiveCfg = Release|Any CPU
		{9C8A4B51-BD93-4584-80DD-9E410B1DF503}.Release-user-sse2|x86.Build.0 = Release|Any CPU
		{9C8A4B51-BD93-4584-80DD-9E410B1DF503}.Release-user-sse41|Any CPU.ActiveCfg = Release|Any CPU
		{9C8A4B51-BD93-4584-80DD-9E410B1DF503}.Release-user-sse41|Any CPU.Build.0 = Release|Any CPU
		{9C8A4B51-BD93-4584-80DD-9E410B1DF503}.Release-user-sse41|x64.ActiveCfg = Release|Any CPU
		{9C8A4B51-BD93-4584-80DD-9E410B1DF503}.Release-user-sse41|x64.Build.0 = Release|Any CPU
		{9C8A4B51-BD93-4584-80DD-9E410B1DF503}.Release-user-sse41|x86.ActiveCfg = Release|Any CPU
		{9C8A4B51-BD93-4584-80DD-9E410B1DF503}.Release-user-sse41|x86.Build.0 = Release|Any CPU
		{9C8A4B51-BD93-4584-80DD-9E410B1DF503}.Release-user-sse42|Any CPU.ActiveCfg = Release|Any CPU
		{9C8A4B51-BD93-4584-80DD-9E410B1DF503}.Release-user-sse42|Any CPU.Build.0 = Release|Any CPU
		{9C8A4B51-BD93-4584-80DD-9E410B1DF503}.Release-user-sse42|x64.ActiveCfg = Release|Any CPU
		{9C8A4B51-BD93-4584-80DD-9E410B1DF503}.Release-user-sse42|x64.Build.0 = Release|Any CPU
		{9C8A4B51-BD93-4584-80DD-9E410B1DF503}.Release-user-sse42|x86.ActiveCfg = Release|Any CPU
		{9C8A4B51-BD93-4584-80DD-9E410B1DF503}.Release-user-sse42|x86.Build.0 = Release|Any CPU
		{7953A2CB-956C-4AC4-9280-2D726FB632A4}.Debug|Any CPU.ActiveCfg = Debug|Any CPU
		{7953A2CB-956C-4AC4-9280-2D726FB632A4}.Debug|Any CPU.Build.0 = Debug|Any CPU
		{7953A2CB-956C-4AC4-9280-2D726FB632A4}.Debug|x64.ActiveCfg = Debug|Any CPU
		{7953A2CB-956C-4AC4-9280-2D726FB632A4}.Debug|x64.Build.0 = Debug|Any CPU
		{7953A2CB-956C-4AC4-9280-2D726FB632A4}.Debug|x86.ActiveCfg = Debug|Any CPU
		{7953A2CB-956C-4AC4-9280-2D726FB632A4}.Debug|x86.Build.0 = Debug|Any CPU
		{7953A2CB-956C-4AC4-9280-2D726FB632A4}.Debug-2017Early|Any CPU.ActiveCfg = Debug|Any CPU
		{7953A2CB-956C-4AC4-9280-2D726FB632A4}.Debug-2017Early|Any CPU.Build.0 = Debug|Any CPU
		{7953A2CB-956C-4AC4-9280-2D726FB632A4}.Debug-2017Early|x64.ActiveCfg = Debug|Any CPU
		{7953A2CB-956C-4AC4-9280-2D726FB632A4}.Debug-2017Early|x64.Build.0 = Debug|Any CPU
		{7953A2CB-956C-4AC4-9280-2D726FB632A4}.Debug-2017Early|x86.ActiveCfg = Debug|Any CPU
		{7953A2CB-956C-4AC4-9280-2D726FB632A4}.Debug-2017Early|x86.Build.0 = Debug|Any CPU
		{7953A2CB-956C-4AC4-9280-2D726FB632A4}.Debug-2017Goku|Any CPU.ActiveCfg = Debug|Any CPU
		{7953A2CB-956C-4AC4-9280-2D726FB632A4}.Debug-2017Goku|Any CPU.Build.0 = Debug|Any CPU
		{7953A2CB-956C-4AC4-9280-2D726FB632A4}.Debug-2017Goku|x64.ActiveCfg = Debug|Any CPU
		{7953A2CB-956C-4AC4-9280-2D726FB632A4}.Debug-2017Goku|x64.Build.0 = Debug|Any CPU
		{7953A2CB-956C-4AC4-9280-2D726FB632A4}.Debug-2017Goku|x86.ActiveCfg = Debug|Any CPU
		{7953A2CB-956C-4AC4-9280-2D726FB632A4}.Debug-2017Goku|x86.Build.0 = Debug|Any CPU
		{7953A2CB-956C-4AC4-9280-2D726FB632A4}.Debug-KifuGenerator|Any CPU.ActiveCfg = Debug|Any CPU
		{7953A2CB-956C-4AC4-9280-2D726FB632A4}.Debug-KifuGenerator|Any CPU.Build.0 = Debug|Any CPU
		{7953A2CB-956C-4AC4-9280-2D726FB632A4}.Debug-KifuGenerator|x64.ActiveCfg = Debug|Any CPU
		{7953A2CB-956C-4AC4-9280-2D726FB632A4}.Debug-KifuGenerator|x64.Build.0 = Debug|Any CPU
		{7953A2CB-956C-4AC4-9280-2D726FB632A4}.Debug-KifuGenerator|x86.ActiveCfg = Debug|Any CPU
		{7953A2CB-956C-4AC4-9280-2D726FB632A4}.Debug-KifuGenerator|x86.Build.0 = Debug|Any CPU
		{7953A2CB-956C-4AC4-9280-2D726FB632A4}.Debug-Learner|Any CPU.ActiveCfg = Debug|Any CPU
		{7953A2CB-956C-4AC4-9280-2D726FB632A4}.Debug-Learner|Any CPU.Build.0 = Debug|Any CPU
		{7953A2CB-956C-4AC4-9280-2D726FB632A4}.Debug-Learner|x64.ActiveCfg = Debug|Any CPU
		{7953A2CB-956C-4AC4-9280-2D726FB632A4}.Debug-Learner|x64.Build.0 = Debug|Any CPU
		{7953A2CB-956C-4AC4-9280-2D726FB632A4}.Debug-Learner|x86.ActiveCfg = Debug|Any CPU
		{7953A2CB-956C-4AC4-9280-2D726FB632A4}.Debug-Learner|x86.Build.0 = Debug|Any CPU
		{7953A2CB-956C-4AC4-9280-2D726FB632A4}.Debug-mate|Any CPU.ActiveCfg = Debug|Any CPU
		{7953A2CB-956C-4AC4-9280-2D726FB632A4}.Debug-mate|Any CPU.Build.0 = Debug|Any CPU
		{7953A2CB-956C-4AC4-9280-2D726FB632A4}.Debug-mate|x64.ActiveCfg = Debug|Any CPU
		{7953A2CB-956C-4AC4-9280-2D726FB632A4}.Debug-mate|x64.Build.0 = Debug|Any CPU
		{7953A2CB-956C-4AC4-9280-2D726FB632A4}.Debug-mate|x86.ActiveCfg = Debug|Any CPU
		{7953A2CB-956C-4AC4-9280-2D726FB632A4}.Debug-mate|x86.Build.0 = Debug|Any CPU
		{7953A2CB-956C-4AC4-9280-2D726FB632A4}.Debug-user|Any CPU.ActiveCfg = Debug|Any CPU
		{7953A2CB-956C-4AC4-9280-2D726FB632A4}.Debug-user|Any CPU.Build.0 = Debug|Any CPU
		{7953A2CB-956C-4AC4-9280-2D726FB632A4}.Debug-user|x64.ActiveCfg = Debug|Any CPU
		{7953A2CB-956C-4AC4-9280-2D726FB632A4}.Debug-user|x64.Build.0 = Debug|Any CPU
		{7953A2CB-956C-4AC4-9280-2D726FB632A4}.Debug-user|x86.ActiveCfg = Debug|Any CPU
		{7953A2CB-956C-4AC4-9280-2D726FB632A4}.Debug-user|x86.Build.0 = Debug|Any CPU
		{7953A2CB-956C-4AC4-9280-2D726FB632A4}.Release|Any CPU.ActiveCfg = Release|Any CPU
		{7953A2CB-956C-4AC4-9280-2D726FB632A4}.Release|Any CPU.Build.0 = Release|Any CPU
		{7953A2CB-956C-4AC4-9280-2D726FB632A4}.Release|x64.ActiveCfg = Release|Any CPU
		{7953A2CB-956C-4AC4-9280-2D726FB632A4}.Release|x64.Build.0 = Release|Any CPU
		{7953A2CB-956C-4AC4-9280-2D726FB632A4}.Release|x86.ActiveCfg = Release|Any CPU
		{7953A2CB-956C-4AC4-9280-2D726FB632A4}.Release|x86.Build.0 = Release|Any CPU
		{7953A2CB-956C-4AC4-9280-2D726FB632A4}.Release-2017Early|Any CPU.ActiveCfg = Release|Any CPU
		{7953A2CB-956C-4AC4-9280-2D726FB632A4}.Release-2017Early|Any CPU.Build.0 = Release|Any CPU
		{7953A2CB-956C-4AC4-9280-2D726FB632A4}.Release-2017Early|x64.ActiveCfg = Release|Any CPU
		{7953A2CB-956C-4AC4-9280-2D726FB632A4}.Release-2017Early|x64.Build.0 = Release|Any CPU
		{7953A2CB-956C-4AC4-9280-2D726FB632A4}.Release-2017Early|x86.ActiveCfg = Release|Any CPU
		{7953A2CB-956C-4AC4-9280-2D726FB632A4}.Release-2017Early|x86.Build.0 = Release|Any CPU
		{7953A2CB-956C-4AC4-9280-2D726FB632A4}.Release-2017EarlyLearn|Any CPU.ActiveCfg = Release|Any CPU
		{7953A2CB-956C-4AC4-9280-2D726FB632A4}.Release-2017EarlyLearn|x64.ActiveCfg = Release|Any CPU
		{7953A2CB-956C-4AC4-9280-2D726FB632A4}.Release-2017EarlyLearn|x86.ActiveCfg = Release|Any CPU
		{7953A2CB-956C-4AC4-9280-2D726FB632A4}.Release-2017Early-sse2|Any CPU.ActiveCfg = Release|Any CPU
		{7953A2CB-956C-4AC4-9280-2D726FB632A4}.Release-2017Early-sse2|Any CPU.Build.0 = Release|Any CPU
		{7953A2CB-956C-4AC4-9280-2D726FB632A4}.Release-2017Early-sse2|x64.ActiveCfg = Release|Any CPU
		{7953A2CB-956C-4AC4-9280-2D726FB632A4}.Release-2017Early-sse2|x64.Build.0 = Release|Any CPU
		{7953A2CB-956C-4AC4-9280-2D726FB632A4}.Release-2017Early-sse2|x86.ActiveCfg = Release|Any CPU
		{7953A2CB-956C-4AC4-9280-2D726FB632A4}.Release-2017Early-sse2|x86.Build.0 = Release|Any CPU
		{7953A2CB-956C-4AC4-9280-2D726FB632A4}.Release-2017Early-sse41|Any CPU.ActiveCfg = Release|Any CPU
		{7953A2CB-956C-4AC4-9280-2D726FB632A4}.Release-2017Early-sse41|Any CPU.Build.0 = Release|Any CPU
		{7953A2CB-956C-4AC4-9280-2D726FB632A4}.Release-2017Early-sse41|x64.ActiveCfg = Release|Any CPU
		{7953A2CB-956C-4AC4-9280-2D726FB632A4}.Release-2017Early-sse41|x64.Build.0 = Release|Any CPU
		{7953A2CB-956C-4AC4-9280-2D726FB632A4}.Release-2017Early-sse41|x86.ActiveCfg = Release|Any CPU
		{7953A2CB-956C-4AC4-9280-2D726FB632A4}.Release-2017Early-sse41|x86.Build.0 = Release|Any CPU
		{7953A2CB-956C-4AC4-9280-2D726FB632A4}.Release-2017Early-sse42|Any CPU.ActiveCfg = Release|Any CPU
		{7953A2CB-956C-4AC4-9280-2D726FB632A4}.Release-2017Early-sse42|Any CPU.Build.0 = Release|Any CPU
		{7953A2CB-956C-4AC4-9280-2D726FB632A4}.Release-2017Early-sse42|x64.ActiveCfg = Release|Any CPU
		{7953A2CB-956C-4AC4-9280-2D726FB632A4}.Release-2017Early-sse42|x64.Build.0 = Release|Any CPU
		{7953A2CB-956C-4AC4-9280-2D726FB632A4}.Release-2017Early-sse42|x86.ActiveCfg = Release|Any CPU
		{7953A2CB-956C-4AC4-9280-2D726FB632A4}.Release-2017Early-sse42|x86.Build.0 = Release|Any CPU
		{7953A2CB-956C-4AC4-9280-2D726FB632A4}.Release-2017Goku|Any CPU.ActiveCfg = Release|Any CPU
		{7953A2CB-956C-4AC4-9280-2D726FB632A4}.Release-2017Goku|Any CPU.Build.0 = Release|Any CPU
		{7953A2CB-956C-4AC4-9280-2D726FB632A4}.Release-2017Goku|x64.ActiveCfg = Release|Any CPU
		{7953A2CB-956C-4AC4-9280-2D726FB632A4}.Release-2017Goku|x64.Build.0 = Release|Any CPU
		{7953A2CB-956C-4AC4-9280-2D726FB632A4}.Release-2017Goku|x86.ActiveCfg = Release|Any CPU
		{7953A2CB-956C-4AC4-9280-2D726FB632A4}.Release-2017Goku|x86.Build.0 = Release|Any CPU
		{7953A2CB-956C-4AC4-9280-2D726FB632A4}.Release-2017Goku-sse2|Any CPU.ActiveCfg = Release|Any CPU
		{7953A2CB-956C-4AC4-9280-2D726FB632A4}.Release-2017Goku-sse2|Any CPU.Build.0 = Release|Any CPU
		{7953A2CB-956C-4AC4-9280-2D726FB632A4}.Release-2017Goku-sse2|x64.ActiveCfg = Release|Any CPU
		{7953A2CB-956C-4AC4-9280-2D726FB632A4}.Release-2017Goku-sse2|x64.Build.0 = Release|Any CPU
		{7953A2CB-956C-4AC4-9280-2D726FB632A4}.Release-2017Goku-sse2|x86.ActiveCfg = Release|Any CPU
		{7953A2CB-956C-4AC4-9280-2D726FB632A4}.Release-2017Goku-sse2|x86.Build.0 = Release|Any CPU
		{7953A2CB-956C-4AC4-9280-2D726FB632A4}.Release-2017Goku-sse41|Any CPU.ActiveCfg = Release|Any CPU
		{7953A2CB-956C-4AC4-9280-2D726FB632A4}.Release-2017Goku-sse41|Any CPU.Build.0 = Release|Any CPU
		{7953A2CB-956C-4AC4-9280-2D726FB632A4}.Release-2017Goku-sse41|x64.ActiveCfg = Release|Any CPU
		{7953A2CB-956C-4AC4-9280-2D726FB632A4}.Release-2017Goku-sse41|x64.Build.0 = Release|Any CPU
		{7953A2CB-956C-4AC4-9280-2D726FB632A4}.Release-2017Goku-sse41|x86.ActiveCfg = Release|Any CPU
		{7953A2CB-956C-4AC4-9280-2D726FB632A4}.Release-2017Goku-sse41|x86.Build.0 = Release|Any CPU
		{7953A2CB-956C-4AC4-9280-2D726FB632A4}.Release-2017Goku-sse42|Any CPU.ActiveCfg = Release|Any CPU
		{7953A2CB-956C-4AC4-9280-2D726FB632A4}.Release-2017Goku-sse42|Any CPU.Build.0 = Release|Any CPU
		{7953A2CB-956C-4AC4-9280-2D726FB632A4}.Release-2017Goku-sse42|x64.ActiveCfg = Release|Any CPU
		{7953A2CB-956C-4AC4-9280-2D726FB632A4}.Release-2017Goku-sse42|x64.Build.0 = Release|Any CPU
		{7953A2CB-956C-4AC4-9280-2D726FB632A4}.Release-2017Goku-sse42|x86.ActiveCfg = Release|Any CPU
		{7953A2CB-956C-4AC4-9280-2D726FB632A4}.Release-2017Goku-sse42|x86.Build.0 = Release|Any CPU
		{7953A2CB-956C-4AC4-9280-2D726FB632A4}.Release-KifuGenerator|Any CPU.ActiveCfg = Release|Any CPU
		{7953A2CB-956C-4AC4-9280-2D726FB632A4}.Release-KifuGenerator|Any CPU.Build.0 = Release|Any CPU
		{7953A2CB-956C-4AC4-9280-2D726FB632A4}.Release-KifuGenerator|x64.ActiveCfg = Release|Any CPU
		{7953A2CB-956C-4AC4-9280-2D726FB632A4}.Release-KifuGenerator|x64.Build.0 = Release|Any CPU
		{7953A2CB-956C-4AC4-9280-2D726FB632A4}.Release-KifuGenerator|x86.ActiveCfg = Release|Any CPU
		{7953A2CB-956C-4AC4-9280-2D726FB632A4}.Release-KifuGenerator|x86.Build.0 = Release|Any CPU
		{7953A2CB-956C-4AC4-9280-2D726FB632A4}.Release-Learner|Any CPU.ActiveCfg = Release|Any CPU
		{7953A2CB-956C-4AC4-9280-2D726FB632A4}.Release-Learner|Any CPU.Build.0 = Release|Any CPU
		{7953A2CB-956C-4AC4-9280-2D726FB632A4}.Release-Learner|x64.ActiveCfg = Release|Any CPU
		{7953A2CB-956C-4AC4-9280-2D726FB632A4}.Release-Learner|x64.Build.0 = Release|Any CPU
		{7953A2CB-956C-4AC4-9280-2D726FB632A4}.Release-Learner|x86.ActiveCfg = Release|Any CPU
		{7953A2CB-956C-4AC4-9280-2D726FB632A4}.Release-Learner|x86.Build.0 = Release|Any CPU
		{7953A2CB-956C-4AC4-9280-2D726FB632A4}.Release-mate|Any CPU.ActiveCfg = Release|Any CPU
		{7953A2CB-956C-4AC4-9280-2D726FB632A4}.Release-mate|Any CPU.Build.0 = Release|Any CPU
		{7953A2CB-956C-4AC4-9280-2D726FB632A4}.Release-mate|x64.ActiveCfg = Release|Any CPU
		{7953A2CB-956C-4AC4-9280-2D726FB632A4}.Release-mate|x64.Build.0 = Release|Any CPU
		{7953A2CB-956C-4AC4-9280-2D726FB632A4}.Release-mate|x86.ActiveCfg = Release|Any CPU
		{7953A2CB-956C-4AC4-9280-2D726FB632A4}.Release-mate|x86.Build.0 = Release|Any CPU
		{7953A2CB-956C-4AC4-9280-2D726FB632A4}.Release-mate-sse2|Any CPU.ActiveCfg = Release|Any CPU
		{7953A2CB-956C-4AC4-9280-2D726FB632A4}.Release-mate-sse2|Any CPU.Build.0 = Release|Any CPU
		{7953A2CB-956C-4AC4-9280-2D726FB632A4}.Release-mate-sse2|x64.ActiveCfg = Release|Any CPU
		{7953A2CB-956C-4AC4-9280-2D726FB632A4}.Release-mate-sse2|x64.Build.0 = Release|Any CPU
		{7953A2CB-956C-4AC4-9280-2D726FB632A4}.Release-mate-sse2|x86.ActiveCfg = Release|Any CPU
		{7953A2CB-956C-4AC4-9280-2D726FB632A4}.Release-mate-sse2|x86.Build.0 = Release|Any CPU
		{7953A2CB-956C-4AC4-9280-2D726FB632A4}.Release-mate-sse41|Any CPU.ActiveCfg = Release|Any CPU
		{7953A2CB-956C-4AC4-9280-2D726FB632A4}.Release-mate-sse41|Any CPU.Build.0 = Release|Any CPU
		{7953A2CB-956C-4AC4-9280-2D726FB632A4}.Release-mate-sse41|x64.ActiveCfg = Release|Any CPU
		{7953A2CB-956C-4AC4-9280-2D726FB632A4}.Release-mate-sse41|x64.Build.0 = Release|Any CPU
		{7953A2CB-956C-4AC4-9280-2D726FB632A4}.Release-mate-sse41|x86.ActiveCfg = Release|Any CPU
		{7953A2CB-956C-4AC4-9280-2D726FB632A4}.Release-mate-sse41|x86.Build.0 = Release|Any CPU
		{7953A2CB-956C-4AC4-9280-2D726FB632A4}.Release-mate-sse42|Any CPU.ActiveCfg = Release|Any CPU
		{7953A2CB-956C-4AC4-9280-2D726FB632A4}.Release-mate-sse42|Any CPU.Build.0 = Release|Any CPU
		{7953A2CB-956C-4AC4-9280-2D726FB632A4}.Release-mate-sse42|x64.ActiveCfg = Release|Any CPU
		{7953A2CB-956C-4AC4-9280-2D726FB632A4}.Release-mate-sse42|x64.Build.0 = Release|Any CPU
		{7953A2CB-956C-4AC4-9280-2D726FB632A4}.Release-mate-sse42|x86.ActiveCfg = Release|Any CPU
		{7953A2CB-956C-4AC4-9280-2D726FB632A4}.Release-mate-sse42|x86.Build.0 = Release|Any CPU
		{7953A2CB-956C-4AC4-9280-2D726FB632A4}.Release-user|Any CPU.ActiveCfg = Release|Any CPU
		{7953A2CB-956C-4AC4-9280-2D726FB632A4}.Release-user|Any CPU.Build.0 = Release|Any CPU
		{7953A2CB-956C-4AC4-9280-2D726FB632A4}.Release-user|x64.ActiveCfg = Release|Any CPU
		{7953A2CB-956C-4AC4-9280-2D726FB632A4}.Release-user|x64.Build.0 = Release|Any CPU
		{7953A2CB-956C-4AC4-9280-2D726FB632A4}.Release-user|x86.ActiveCfg = Release|Any CPU
		{7953A2CB-956C-4AC4-9280-2D726FB632A4}.Release-user|x86.Build.0 = Release|Any CPU
		{7953A2CB-956C-4AC4-9280-2D726FB632A4}.Release-user-sse2|Any CPU.ActiveCfg = Release|Any CPU
		{7953A2CB-956C-4AC4-9280-2D726FB632A4}.Release-user-sse2|Any CPU.Build.0 = Release|Any CPU
		{7953A2CB-956C-4AC4-9280-2D726FB632A4}.Release-user-sse2|x64.ActiveCfg = Release|Any CPU
		{7953A2CB-956C-4AC4-9280-2D726FB632A4}.Release-user-sse2|x64.Build.0 = Release|Any CPU
		{7953A2CB-956C-4AC4-9280-2D726FB632A4}.Release-user-sse2|x86.ActiveCfg = Release|Any CPU
		{7953A2CB-956C-4AC4-9280-2D726FB632A4}.Release-user-sse2|x86.Build.0 = Release|Any CPU
		{7953A2CB-956C-4AC4-9280-2D726FB632A4}.Release-user-sse41|Any CPU.ActiveCfg = Release|Any CPU
		{7953A2CB-956C-4AC4-9280-2D726FB632A4}.Release-user-sse41|Any CPU.Build.0 = Release|Any CPU
		{7953A2CB-956C-4AC4-9280-2D726FB632A4}.Release-user-sse41|x64.ActiveCfg = Release|Any CPU
		{7953A2CB-956C-4AC4-9280-2D726FB632A4}.Release-user-sse41|x64.Build.0 = Release|Any CPU
		{7953A2CB-956C-4AC4-9280-2D726FB632A4}.Release-user-sse41|x86.ActiveCfg = Release|Any CPU
		{7953A2CB-956C-4AC4-9280-2D726FB632A4}.Release-user-sse41|x86.Build.0 = Release|Any CPU
		{7953A2CB-956C-4AC4-9280-2D726FB632A4}.Release-user-sse42|Any CPU.ActiveCfg = Release|Any CPU
		{7953A2CB-956C-4AC4-9280-2D726FB632A4}.Release-user-sse42|Any CPU.Build.0 = Release|Any CPU
		{7953A2CB-956C-4AC4-9280-2D726FB632A4}.Release-user-sse42|x64.ActiveCfg = Release|Any CPU
		{7953A2CB-956C-4AC4-9280-2D726FB632A4}.Release-user-sse42|x64.Build.0 = Release|Any CPU
		{7953A2CB-956C-4AC4-9280-2D726FB632A4}.Release-user-sse42|x86.ActiveCfg = Release|Any CPU
		{7953A2CB-956C-4AC4-9280-2D726FB632A4}.Release-user-sse42|x86.Build.0 = Release|Any CPU
		{34E1B03C-EF28-4724-A7D8-334CA4727C90}.Debug|Any CPU.ActiveCfg = Debug|Any CPU
		{34E1B03C-EF28-4724-A7D8-334CA4727C90}.Debug|x64.ActiveCfg = Debug|Any CPU
		{34E1B03C-EF28-4724-A7D8-334CA4727C90}.Debug|x86.ActiveCfg = Debug|Any CPU
		{34E1B03C-EF28-4724-A7D8-334CA4727C90}.Debug-2017Early|Any CPU.ActiveCfg = Debug|Any CPU
		{34E1B03C-EF28-4724-A7D8-334CA4727C90}.Debug-2017Early|x64.ActiveCfg = Debug|Any CPU
		{34E1B03C-EF28-4724-A7D8-334CA4727C90}.Debug-2017Early|x86.ActiveCfg = Debug|Any CPU
		{34E1B03C-EF28-4724-A7D8-334CA4727C90}.Debug-2017Goku|Any CPU.ActiveCfg = Debug|Any CPU
		{34E1B03C-EF28-4724-A7D8-334CA4727C90}.Debug-2017Goku|x64.ActiveCfg = Debug|Any CPU
		{34E1B03C-EF28-4724-A7D8-334CA4727C90}.Debug-2017Goku|x86.ActiveCfg = Debug|Any CPU
		{34E1B03C-EF28-4724-A7D8-334CA4727C90}.Debug-KifuGenerator|Any CPU.ActiveCfg = Debug|Any CPU
		{34E1B03C-EF28-4724-A7D8-334CA4727C90}.Debug-KifuGenerator|x64.ActiveCfg = Debug|Any CPU
		{34E1B03C-EF28-4724-A7D8-334CA4727C90}.Debug-KifuGenerator|x86.ActiveCfg = Debug|Any CPU
		{34E1B03C-EF28-4724-A7D8-334CA4727C90}.Debug-Learner|Any CPU.ActiveCfg = Debug|Any CPU
		{34E1B03C-EF28-4724-A7D8-334CA4727C90}.Debug-Learner|x64.ActiveCfg = Debug|Any CPU
		{34E1B03C-EF28-4724-A7D8-334CA4727C90}.Debug-Learner|x86.ActiveCfg = Debug|Any CPU
		{34E1B03C-EF28-4724-A7D8-334CA4727C90}.Debug-mate|Any CPU.ActiveCfg = Debug|Any CPU
		{34E1B03C-EF28-4724-A7D8-334CA4727C90}.Debug-mate|x64.ActiveCfg = Debug|Any CPU
		{34E1B03C-EF28-4724-A7D8-334CA4727C90}.Debug-mate|x86.ActiveCfg = Debug|Any CPU
		{34E1B03C-EF28-4724-A7D8-334CA4727C90}.Debug-user|Any CPU.ActiveCfg = Debug|Any CPU
		{34E1B03C-EF28-4724-A7D8-334CA4727C90}.Debug-user|x64.ActiveCfg = Debug|Any CPU
		{34E1B03C-EF28-4724-A7D8-334CA4727C90}.Debug-user|x86.ActiveCfg = Debug|Any CPU
		{34E1B03C-EF28-4724-A7D8-334CA4727C90}.Release|Any CPU.ActiveCfg = Release|Any CPU
		{34E1B03C-EF28-4724-A7D8-334CA4727C90}.Release|x64.ActiveCfg = Release|Any CPU
		{34E1B03C-EF28-4724-A7D8-334CA4727C90}.Release|x86.ActiveCfg = Release|Any CPU
		{34E1B03C-EF28-4724-A7D8-334CA4727C90}.Release-2017Early|Any CPU.ActiveCfg = Release|Any CPU
		{34E1B03C-EF28-4724-A7D8-334CA4727C90}.Release-2017Early|x64.ActiveCfg = Release|Any CPU
		{34E1B03C-EF28-4724-A7D8-334CA4727C90}.Release-2017Early|x86.ActiveCfg = Release|Any CPU
		{34E1B03C-EF28-4724-A7D8-334CA4727C90}.Release-2017EarlyLearn|Any CPU.ActiveCfg = Release|Any CPU
		{34E1B03C-EF28-4724-A7D8-334CA4727C90}.Release-2017EarlyLearn|x64.ActiveCfg = Release|Any CPU
		{34E1B03C-EF28-4724-A7D8-334CA4727C90}.Release-2017EarlyLearn|x86.ActiveCfg = Release|Any CPU
		{34E1B03C-EF28-4724-A7D8-334CA4727C90}.Release-2017Early-sse2|Any CPU.ActiveCfg = Release|Any CPU
		{34E1B03C-EF28-4724-A7D8-334CA4727C90}.Release-2017Early-sse2|x64.ActiveCfg = Release|Any CPU
		{34E1B03C-EF28-4724-A7D8-334CA4727C90}.Release-2017Early-sse2|x86.ActiveCfg = Release|Any CPU
		{34E1B03C-EF28-4724-A7D8-334CA4727C90}.Release-2017Early-sse41|Any CPU.ActiveCfg = Release|Any CPU
		{34E1B03C-EF28-4724-A7D8-334CA4727C90}.Release-2017Early-sse41|x64.ActiveCfg = Release|Any CPU
		{34E1B03C-EF28-4724-A7D8-334CA4727C90}.Release-2017Early-sse41|x86.ActiveCfg = Release|Any CPU
		{34E1B03C-EF28-4724-A7D8-334CA4727C90}.Release-2017Early-sse42|Any CPU.ActiveCfg = Release|Any CPU
		{34E1B03C-EF28-4724-A7D8-334CA4727C90}.Release-2017Early-sse42|x64.ActiveCfg = Release|Any CPU
		{34E1B03C-EF28-4724-A7D8-334CA4727C90}.Release-2017Early-sse42|x86.ActiveCfg = Release|Any CPU
		{34E1B03C-EF28-4724-A7D8-334CA4727C90}.Release-2017Goku|Any CPU.ActiveCfg = Release|Any CPU
		{34E1B03C-EF28-4724-A7D8-334CA4727C90}.Release-2017Goku|x64.ActiveCfg = Release|Any CPU
		{34E1B03C-EF28-4724-A7D8-334CA4727C90}.Release-2017Goku|x86.ActiveCfg = Release|Any CPU
		{34E1B03C-EF28-4724-A7D8-334CA4727C90}.Release-2017Goku-sse2|Any CPU.ActiveCfg = Release|Any CPU
		{34E1B03C-EF28-4724-A7D8-334CA4727C90}.Release-2017Goku-sse2|x64.ActiveCfg = Release|Any CPU
		{34E1B03C-EF28-4724-A7D8-334CA4727C90}.Release-2017Goku-sse2|x86.ActiveCfg = Release|Any CPU
		{34E1B03C-EF28-4724-A7D8-334CA4727C90}.Release-2017Goku-sse41|Any CPU.ActiveCfg = Release|Any CPU
		{34E1B03C-EF28-4724-A7D8-334CA4727C90}.Release-2017Goku-sse41|x64.ActiveCfg = Release|Any CPU
		{34E1B03C-EF28-4724-A7D8-334CA4727C90}.Release-2017Goku-sse41|x86.ActiveCfg = Release|Any CPU
		{34E1B03C-EF28-4724-A7D8-334CA4727C90}.Release-2017Goku-sse42|Any CPU.ActiveCfg = Release|Any CPU
		{34E1B03C-EF28-4724-A7D8-334CA4727C90}.Release-2017Goku-sse42|x64.ActiveCfg = Release|Any CPU
		{34E1B03C-EF28-4724-A7D8-334CA4727C90}.Release-2017Goku-sse42|x86.ActiveCfg = Release|Any CPU
		{34E1B03C-EF28-4724-A7D8-334CA4727C90}.Release-KifuGenerator|Any CPU.ActiveCfg = Release|Any CPU
		{34E1B03C-EF28-4724-A7D8-334CA4727C90}.Release-KifuGenerator|x64.ActiveCfg = Release|Any CPU
		{34E1B03C-EF28-4724-A7D8-334CA4727C90}.Release-KifuGenerator|x86.ActiveCfg = Release|Any CPU
		{34E1B03C-EF28-4724-A7D8-334CA4727C90}.Release-Learner|Any CPU.ActiveCfg = Release|Any CPU
		{34E1B03C-EF28-4724-A7D8-334CA4727C90}.Release-Learner|x64.ActiveCfg = Release|Any CPU
		{34E1B03C-EF28-4724-A7D8-334CA4727C90}.Release-Learner|x86.ActiveCfg = Release|Any CPU
		{34E1B03C-EF28-4724-A7D8-334CA4727C90}.Release-mate|Any CPU.ActiveCfg = Release|Any CPU
		{34E1B03C-EF28-4724-A7D8-334CA4727C90}.Release-mate|x64.ActiveCfg = Release|Any CPU
		{34E1B03C-EF28-4724-A7D8-334CA4727C90}.Release-mate|x86.ActiveCfg = Release|Any CPU
		{34E1B03C-EF28-4724-A7D8-334CA4727C90}.Release-mate-sse2|Any CPU.ActiveCfg = Release|Any CPU
		{34E1B03C-EF28-4724-A7D8-334CA4727C90}.Release-mate-sse2|x64.ActiveCfg = Release|Any CPU
		{34E1B03C-EF28-4724-A7D8-334CA4727C90}.Release-mate-sse2|x86.ActiveCfg = Release|Any CPU
		{34E1B03C-EF28-4724-A7D8-334CA4727C90}.Release-mate-sse41|Any CPU.ActiveCfg = Release|Any CPU
		{34E1B03C-EF28-4724-A7D8-334CA4727C90}.Release-mate-sse41|x64.ActiveCfg = Release|Any CPU
		{34E1B03C-EF28-4724-A7D8-334CA4727C90}.Release-mate-sse41|x86.ActiveCfg = Release|Any CPU
		{34E1B03C-EF28-4724-A7D8-334CA4727C90}.Release-mate-sse42|Any CPU.ActiveCfg = Release|Any CPU
		{34E1B03C-EF28-4724-A7D8-334CA4727C90}.Release-mate-sse42|x64.ActiveCfg = Release|Any CPU
		{34E1B03C-EF28-4724-A7D8-334CA4727C90}.Release-mate-sse42|x86.ActiveCfg = Release|Any CPU
		{34E1B03C-EF28-4724-A7D8-334CA4727C90}.Release-user|Any CPU.ActiveCfg = Release|Any CPU
		{34E1B03C-EF28-4724-A7D8-334CA4727C90}.Release-user|x64.ActiveCfg = Release|Any CPU
		{34E1B03C-EF28-4724-A7D8-334CA4727C90}.Release-user|x86.ActiveCfg = Release|Any CPU
		{34E1B03C-EF28-4724-A7D8-334CA4727C90}.Release-user-sse2|Any CPU.ActiveCfg = Release|Any CPU
		{34E1B03C-EF28-4724-A7D8-334CA4727C90}.Release-user-sse2|x64.ActiveCfg = Release|Any CPU
		{34E1B03C-EF28-4724-A7D8-334CA4727C90}.Release-user-sse2|x86.ActiveCfg = Release|Any CPU
		{34E1B03C-EF28-4724-A7D8-334CA4727C90}.Release-user-sse41|Any CPU.ActiveCfg = Release|Any CPU
		{34E1B03C-EF28-4724-A7D8-334CA4727C90}.Release-user-sse41|x64.ActiveCfg = Release|Any CPU
		{34E1B03C-EF28-4724-A7D8-334CA4727C90}.Release-user-sse41|x86.ActiveCfg = Release|Any CPU
		{34E1B03C-EF28-4724-A7D8-334CA4727C90}.Release-user-sse42|Any CPU.ActiveCfg = Release|Any CPU
		{34E1B03C-EF28-4724-A7D8-334CA4727C90}.Release-user-sse42|x64.ActiveCfg = Release|Any CPU
		{34E1B03C-EF28-4724-A7D8-334CA4727C90}.Release-user-sse42|x86.ActiveCfg = Release|Any CPU
	EndGlobalSection
	GlobalSection(SolutionProperties) = preSolution
		HideSolutionNode = FALSE
	EndGlobalSection
EndGlobal
