
Microsoft Visual Studio Solution File, Format Version 12.00
# Visual Studio Version 16
VisualStudioVersion = 16.0.28803.156
MinimumVisualStudioVersion = 10.0.40219.1
Project("{8BC9CEB8-8B4A-11D0-8D11-00A0C91BC942}") = "YaneuraOu", "source\YaneuraOu.vcxproj", "{28C8605A-4E8E-4F59-99B5-96F545BC7D5E}"
EndProject
Project("{FAE04EC0-301F-11D3-BF4B-00C04F79EFBC}") = "TanukiColiseum", "TanukiColiseum\TanukiColiseum.csproj", "{82A763DA-D0D7-4B62-9906-B4621C807AE9}"
EndProject
Project("{FAE04EC0-301F-11D3-BF4B-00C04F79EFBC}") = "tanuki-proxy", "tanuki-proxy\tanuki-proxy.csproj", "{7953A2CB-956C-4AC4-9280-2D726FB632A4}"
EndProject
Global
	GlobalSection(SolutionConfigurationPlatforms) = preSolution
		Debug|Any CPU = Debug|Any CPU
		Debug|x64 = Debug|x64
		Debug|x86 = Debug|x86
		Debug-mate|Any CPU = Debug-mate|Any CPU
		Debug-mate|x64 = Debug-mate|x64
		Debug-mate|x86 = Debug-mate|x86
		Debug-NNUE|Any CPU = Debug-NNUE|Any CPU
		Debug-NNUE|x64 = Debug-NNUE|x64
		Debug-NNUE|x86 = Debug-NNUE|x86
		Debug-user|Any CPU = Debug-user|Any CPU
		Debug-user|x64 = Debug-user|x64
		Debug-user|x86 = Debug-user|x86
		Release|Any CPU = Release|Any CPU
		Release|x64 = Release|x64
		Release|x86 = Release|x86
		Release-KPP_KKPT|Any CPU = Release-KPP_KKPT|Any CPU
		Release-KPP_KKPT|x64 = Release-KPP_KKPT|x64
		Release-KPP_KKPT|x86 = Release-KPP_KKPT|x86
		Release-KPPT|Any CPU = Release-KPPT|Any CPU
		Release-KPPT|x64 = Release-KPPT|x64
		Release-KPPT|x86 = Release-KPPT|x86
		Release-mate|Any CPU = Release-mate|Any CPU
		Release-mate|x64 = Release-mate|x64
		Release-mate|x86 = Release-mate|x86
		Release-mate-sse42|Any CPU = Release-mate-sse42|Any CPU
		Release-mate-sse42|x64 = Release-mate-sse42|x64
		Release-mate-sse42|x86 = Release-mate-sse42|x86
		Release-NNEU-Gen|Any CPU = Release-NNEU-Gen|Any CPU
		Release-NNEU-Gen|x64 = Release-NNEU-Gen|x64
		Release-NNEU-Gen|x86 = Release-NNEU-Gen|x86
		Release-NNEU-sse42|Any CPU = Release-NNEU-sse42|Any CPU
		Release-NNEU-sse42|x64 = Release-NNEU-sse42|x64
		Release-NNEU-sse42|x86 = Release-NNEU-sse42|x86
		Release-NNUE|Any CPU = Release-NNUE|Any CPU
		Release-NNUE|x64 = Release-NNUE|x64
		Release-NNUE|x86 = Release-NNUE|x86
		Release-NNUE-Learn|Any CPU = Release-NNUE-Learn|Any CPU
		Release-NNUE-Learn|x64 = Release-NNUE-Learn|x64
		Release-NNUE-Learn|x86 = Release-NNUE-Learn|x86
		Release-user|Any CPU = Release-user|Any CPU
		Release-user|x64 = Release-user|x64
		Release-user|x86 = Release-user|x86
		Release-user-sse42|Any CPU = Release-user-sse42|Any CPU
		Release-user-sse42|x64 = Release-user-sse42|x64
		Release-user-sse42|x86 = Release-user-sse42|x86
	EndGlobalSection
	GlobalSection(ProjectConfigurationPlatforms) = postSolution
		{28C8605A-4E8E-4F59-99B5-96F545BC7D5E}.Debug|Any CPU.ActiveCfg = Release-user-sse42|x64
		{28C8605A-4E8E-4F59-99B5-96F545BC7D5E}.Debug|Any CPU.Build.0 = Release-user-sse42|x64
		{28C8605A-4E8E-4F59-99B5-96F545BC7D5E}.Debug|x64.ActiveCfg = Debug-user|x64
		{28C8605A-4E8E-4F59-99B5-96F545BC7D5E}.Debug|x64.Build.0 = Debug-user|x64
		{28C8605A-4E8E-4F59-99B5-96F545BC7D5E}.Debug|x86.ActiveCfg = Release-user-sse42|x64
		{28C8605A-4E8E-4F59-99B5-96F545BC7D5E}.Debug|x86.Build.0 = Release-user-sse42|x64
		{28C8605A-4E8E-4F59-99B5-96F545BC7D5E}.Debug-mate|Any CPU.ActiveCfg = Debug-mate|x64
		{28C8605A-4E8E-4F59-99B5-96F545BC7D5E}.Debug-mate|x64.ActiveCfg = Debug-mate|x64
		{28C8605A-4E8E-4F59-99B5-96F545BC7D5E}.Debug-mate|x64.Build.0 = Debug-mate|x64
		{28C8605A-4E8E-4F59-99B5-96F545BC7D5E}.Debug-mate|x86.ActiveCfg = Debug-mate|x64
		{28C8605A-4E8E-4F59-99B5-96F545BC7D5E}.Debug-NNUE|Any CPU.ActiveCfg = Debug-NNUE|x64
		{28C8605A-4E8E-4F59-99B5-96F545BC7D5E}.Debug-NNUE|x64.ActiveCfg = Debug-NNUE|x64
		{28C8605A-4E8E-4F59-99B5-96F545BC7D5E}.Debug-NNUE|x64.Build.0 = Debug-NNUE|x64
		{28C8605A-4E8E-4F59-99B5-96F545BC7D5E}.Debug-NNUE|x86.ActiveCfg = Debug-NNUE|x64
		{28C8605A-4E8E-4F59-99B5-96F545BC7D5E}.Debug-user|Any CPU.ActiveCfg = Debug-user|x64
		{28C8605A-4E8E-4F59-99B5-96F545BC7D5E}.Debug-user|x64.ActiveCfg = Debug-user|x64
		{28C8605A-4E8E-4F59-99B5-96F545BC7D5E}.Debug-user|x64.Build.0 = Debug-user|x64
		{28C8605A-4E8E-4F59-99B5-96F545BC7D5E}.Debug-user|x86.ActiveCfg = Debug-user|x64
		{28C8605A-4E8E-4F59-99B5-96F545BC7D5E}.Release|Any CPU.ActiveCfg = Release-user-sse42|x64
		{28C8605A-4E8E-4F59-99B5-96F545BC7D5E}.Release|Any CPU.Build.0 = Release-user-sse42|x64
		{28C8605A-4E8E-4F59-99B5-96F545BC7D5E}.Release|x64.ActiveCfg = Release-user-sse42|x64
		{28C8605A-4E8E-4F59-99B5-96F545BC7D5E}.Release|x64.Build.0 = Release-user-sse42|x64
		{28C8605A-4E8E-4F59-99B5-96F545BC7D5E}.Release|x86.ActiveCfg = Release-user-sse42|x64
		{28C8605A-4E8E-4F59-99B5-96F545BC7D5E}.Release|x86.Build.0 = Release-user-sse42|x64
		{28C8605A-4E8E-4F59-99B5-96F545BC7D5E}.Release-KPP_KKPT|Any CPU.ActiveCfg = Release-KPP_KKPT|x64
		{28C8605A-4E8E-4F59-99B5-96F545BC7D5E}.Release-KPP_KKPT|x64.ActiveCfg = Release-KPP_KKPT|x64
		{28C8605A-4E8E-4F59-99B5-96F545BC7D5E}.Release-KPP_KKPT|x64.Build.0 = Release-KPP_KKPT|x64
		{28C8605A-4E8E-4F59-99B5-96F545BC7D5E}.Release-KPP_KKPT|x86.ActiveCfg = Release-KPP_KKPT|x64
		{28C8605A-4E8E-4F59-99B5-96F545BC7D5E}.Release-KPPT|Any CPU.ActiveCfg = Release-KPPT|x64
		{28C8605A-4E8E-4F59-99B5-96F545BC7D5E}.Release-KPPT|x64.ActiveCfg = Release-KPPT|x64
		{28C8605A-4E8E-4F59-99B5-96F545BC7D5E}.Release-KPPT|x64.Build.0 = Release-KPPT|x64
		{28C8605A-4E8E-4F59-99B5-96F545BC7D5E}.Release-KPPT|x86.ActiveCfg = Release-KPPT|x64
		{28C8605A-4E8E-4F59-99B5-96F545BC7D5E}.Release-mate|Any CPU.ActiveCfg = Release-mate|x64
		{28C8605A-4E8E-4F59-99B5-96F545BC7D5E}.Release-mate|x64.ActiveCfg = Release-mate|x64
		{28C8605A-4E8E-4F59-99B5-96F545BC7D5E}.Release-mate|x64.Build.0 = Release-mate|x64
		{28C8605A-4E8E-4F59-99B5-96F545BC7D5E}.Release-mate|x86.ActiveCfg = Release-mate|x64
		{28C8605A-4E8E-4F59-99B5-96F545BC7D5E}.Release-mate-sse42|Any CPU.ActiveCfg = Release-mate-sse42|x64
		{28C8605A-4E8E-4F59-99B5-96F545BC7D5E}.Release-mate-sse42|x64.ActiveCfg = Release-mate-sse42|x64
		{28C8605A-4E8E-4F59-99B5-96F545BC7D5E}.Release-mate-sse42|x64.Build.0 = Release-mate-sse42|x64
		{28C8605A-4E8E-4F59-99B5-96F545BC7D5E}.Release-mate-sse42|x86.ActiveCfg = Release-mate-sse42|x64
		{28C8605A-4E8E-4F59-99B5-96F545BC7D5E}.Release-NNEU-Gen|Any CPU.ActiveCfg = Release-user-sse42|x64
		{28C8605A-4E8E-4F59-99B5-96F545BC7D5E}.Release-NNEU-Gen|Any CPU.Build.0 = Release-user-sse42|x64
		{28C8605A-4E8E-4F59-99B5-96F545BC7D5E}.Release-NNEU-Gen|x64.ActiveCfg = Release-NNUE-GEN|x64
		{28C8605A-4E8E-4F59-99B5-96F545BC7D5E}.Release-NNEU-Gen|x64.Build.0 = Release-NNUE-GEN|x64
		{28C8605A-4E8E-4F59-99B5-96F545BC7D5E}.Release-NNEU-Gen|x86.ActiveCfg = Release-NNUE-SSE42|x64
		{28C8605A-4E8E-4F59-99B5-96F545BC7D5E}.Release-NNEU-Gen|x86.Build.0 = Release-NNUE-SSE42|x64
		{28C8605A-4E8E-4F59-99B5-96F545BC7D5E}.Release-NNEU-sse42|Any CPU.ActiveCfg = Release-user-sse42|x64
		{28C8605A-4E8E-4F59-99B5-96F545BC7D5E}.Release-NNEU-sse42|Any CPU.Build.0 = Release-user-sse42|x64
		{28C8605A-4E8E-4F59-99B5-96F545BC7D5E}.Release-NNEU-sse42|x64.ActiveCfg = Release-NNUE-SSE42|x64
		{28C8605A-4E8E-4F59-99B5-96F545BC7D5E}.Release-NNEU-sse42|x64.Build.0 = Release-NNUE-SSE42|x64
		{28C8605A-4E8E-4F59-99B5-96F545BC7D5E}.Release-NNEU-sse42|x86.ActiveCfg = Release-NNUE-SSE42|x64
		{28C8605A-4E8E-4F59-99B5-96F545BC7D5E}.Release-NNEU-sse42|x86.Build.0 = Release-NNUE-SSE42|x64
		{28C8605A-4E8E-4F59-99B5-96F545BC7D5E}.Release-NNUE|Any CPU.ActiveCfg = Release-NNUE|x64
		{28C8605A-4E8E-4F59-99B5-96F545BC7D5E}.Release-NNUE|x64.ActiveCfg = Release-NNUE|x64
		{28C8605A-4E8E-4F59-99B5-96F545BC7D5E}.Release-NNUE|x64.Build.0 = Release-NNUE|x64
		{28C8605A-4E8E-4F59-99B5-96F545BC7D5E}.Release-NNUE|x86.ActiveCfg = Release-NNUE-SSE42|x64
		{28C8605A-4E8E-4F59-99B5-96F545BC7D5E}.Release-NNUE|x86.Build.0 = Release-NNUE-SSE42|x64
		{28C8605A-4E8E-4F59-99B5-96F545BC7D5E}.Release-NNUE-Learn|Any CPU.ActiveCfg = Release-NNUE-LEARN|x64
		{28C8605A-4E8E-4F59-99B5-96F545BC7D5E}.Release-NNUE-Learn|x64.ActiveCfg = Release-NNUE-LEARN|x64
		{28C8605A-4E8E-4F59-99B5-96F545BC7D5E}.Release-NNUE-Learn|x64.Build.0 = Release-NNUE-LEARN|x64
		{28C8605A-4E8E-4F59-99B5-96F545BC7D5E}.Release-NNUE-Learn|x86.ActiveCfg = Release-NNUE-SSE42|x64
		{28C8605A-4E8E-4F59-99B5-96F545BC7D5E}.Release-NNUE-Learn|x86.Build.0 = Release-NNUE-SSE42|x64
		{28C8605A-4E8E-4F59-99B5-96F545BC7D5E}.Release-user|Any CPU.ActiveCfg = Release-user|x64
		{28C8605A-4E8E-4F59-99B5-96F545BC7D5E}.Release-user|x64.ActiveCfg = Release-user|x64
		{28C8605A-4E8E-4F59-99B5-96F545BC7D5E}.Release-user|x64.Build.0 = Release-user|x64
		{28C8605A-4E8E-4F59-99B5-96F545BC7D5E}.Release-user|x86.ActiveCfg = Release-user|x64
		{28C8605A-4E8E-4F59-99B5-96F545BC7D5E}.Release-user-sse42|Any CPU.ActiveCfg = Release-user-sse42|x64
		{28C8605A-4E8E-4F59-99B5-96F545BC7D5E}.Release-user-sse42|x64.ActiveCfg = Release-user-sse42|x64
		{28C8605A-4E8E-4F59-99B5-96F545BC7D5E}.Release-user-sse42|x64.Build.0 = Release-user-sse42|x64
		{28C8605A-4E8E-4F59-99B5-96F545BC7D5E}.Release-user-sse42|x86.ActiveCfg = Release-user-sse42|x64
		{82A763DA-D0D7-4B62-9906-B4621C807AE9}.Debug|Any CPU.ActiveCfg = Debug|Any CPU
		{82A763DA-D0D7-4B62-9906-B4621C807AE9}.Debug|Any CPU.Build.0 = Debug|Any CPU
		{82A763DA-D0D7-4B62-9906-B4621C807AE9}.Debug|x64.ActiveCfg = Debug|Any CPU
		{82A763DA-D0D7-4B62-9906-B4621C807AE9}.Debug|x64.Build.0 = Debug|Any CPU
		{82A763DA-D0D7-4B62-9906-B4621C807AE9}.Debug|x86.ActiveCfg = Debug|Any CPU
		{82A763DA-D0D7-4B62-9906-B4621C807AE9}.Debug|x86.Build.0 = Debug|Any CPU
		{82A763DA-D0D7-4B62-9906-B4621C807AE9}.Debug-mate|Any CPU.ActiveCfg = Debug|Any CPU
		{82A763DA-D0D7-4B62-9906-B4621C807AE9}.Debug-mate|Any CPU.Build.0 = Debug|Any CPU
		{82A763DA-D0D7-4B62-9906-B4621C807AE9}.Debug-mate|x64.ActiveCfg = Debug|Any CPU
		{82A763DA-D0D7-4B62-9906-B4621C807AE9}.Debug-mate|x64.Build.0 = Debug|Any CPU
		{82A763DA-D0D7-4B62-9906-B4621C807AE9}.Debug-mate|x86.ActiveCfg = Debug|Any CPU
		{82A763DA-D0D7-4B62-9906-B4621C807AE9}.Debug-mate|x86.Build.0 = Debug|Any CPU
		{82A763DA-D0D7-4B62-9906-B4621C807AE9}.Debug-NNUE|Any CPU.ActiveCfg = Debug|Any CPU
		{82A763DA-D0D7-4B62-9906-B4621C807AE9}.Debug-NNUE|Any CPU.Build.0 = Debug|Any CPU
		{82A763DA-D0D7-4B62-9906-B4621C807AE9}.Debug-NNUE|x64.ActiveCfg = Debug|Any CPU
		{82A763DA-D0D7-4B62-9906-B4621C807AE9}.Debug-NNUE|x64.Build.0 = Debug|Any CPU
		{82A763DA-D0D7-4B62-9906-B4621C807AE9}.Debug-NNUE|x86.ActiveCfg = Debug|Any CPU
		{82A763DA-D0D7-4B62-9906-B4621C807AE9}.Debug-NNUE|x86.Build.0 = Debug|Any CPU
		{82A763DA-D0D7-4B62-9906-B4621C807AE9}.Debug-user|Any CPU.ActiveCfg = Debug|Any CPU
		{82A763DA-D0D7-4B62-9906-B4621C807AE9}.Debug-user|Any CPU.Build.0 = Debug|Any CPU
		{82A763DA-D0D7-4B62-9906-B4621C807AE9}.Debug-user|x64.ActiveCfg = Debug|Any CPU
		{82A763DA-D0D7-4B62-9906-B4621C807AE9}.Debug-user|x64.Build.0 = Debug|Any CPU
		{82A763DA-D0D7-4B62-9906-B4621C807AE9}.Debug-user|x86.ActiveCfg = Debug|Any CPU
		{82A763DA-D0D7-4B62-9906-B4621C807AE9}.Debug-user|x86.Build.0 = Debug|Any CPU
		{82A763DA-D0D7-4B62-9906-B4621C807AE9}.Release|Any CPU.ActiveCfg = Release|Any CPU
		{82A763DA-D0D7-4B62-9906-B4621C807AE9}.Release|Any CPU.Build.0 = Release|Any CPU
		{82A763DA-D0D7-4B62-9906-B4621C807AE9}.Release|x64.ActiveCfg = Release|Any CPU
		{82A763DA-D0D7-4B62-9906-B4621C807AE9}.Release|x64.Build.0 = Release|Any CPU
		{82A763DA-D0D7-4B62-9906-B4621C807AE9}.Release|x86.ActiveCfg = Release|Any CPU
		{82A763DA-D0D7-4B62-9906-B4621C807AE9}.Release|x86.Build.0 = Release|Any CPU
		{82A763DA-D0D7-4B62-9906-B4621C807AE9}.Release-KPP_KKPT|Any CPU.ActiveCfg = Release|Any CPU
		{82A763DA-D0D7-4B62-9906-B4621C807AE9}.Release-KPP_KKPT|Any CPU.Build.0 = Release|Any CPU
		{82A763DA-D0D7-4B62-9906-B4621C807AE9}.Release-KPP_KKPT|x64.ActiveCfg = Release|Any CPU
		{82A763DA-D0D7-4B62-9906-B4621C807AE9}.Release-KPP_KKPT|x64.Build.0 = Release|Any CPU
		{82A763DA-D0D7-4B62-9906-B4621C807AE9}.Release-KPP_KKPT|x86.ActiveCfg = Release|Any CPU
		{82A763DA-D0D7-4B62-9906-B4621C807AE9}.Release-KPP_KKPT|x86.Build.0 = Release|Any CPU
		{82A763DA-D0D7-4B62-9906-B4621C807AE9}.Release-KPPT|Any CPU.ActiveCfg = Release|Any CPU
		{82A763DA-D0D7-4B62-9906-B4621C807AE9}.Release-KPPT|Any CPU.Build.0 = Release|Any CPU
		{82A763DA-D0D7-4B62-9906-B4621C807AE9}.Release-KPPT|x64.ActiveCfg = Release|Any CPU
		{82A763DA-D0D7-4B62-9906-B4621C807AE9}.Release-KPPT|x64.Build.0 = Release|Any CPU
		{82A763DA-D0D7-4B62-9906-B4621C807AE9}.Release-KPPT|x86.ActiveCfg = Release|Any CPU
		{82A763DA-D0D7-4B62-9906-B4621C807AE9}.Release-KPPT|x86.Build.0 = Release|Any CPU
		{82A763DA-D0D7-4B62-9906-B4621C807AE9}.Release-mate|Any CPU.ActiveCfg = Release|Any CPU
		{82A763DA-D0D7-4B62-9906-B4621C807AE9}.Release-mate|Any CPU.Build.0 = Release|Any CPU
		{82A763DA-D0D7-4B62-9906-B4621C807AE9}.Release-mate|x64.ActiveCfg = Release|Any CPU
		{82A763DA-D0D7-4B62-9906-B4621C807AE9}.Release-mate|x64.Build.0 = Release|Any CPU
		{82A763DA-D0D7-4B62-9906-B4621C807AE9}.Release-mate|x86.ActiveCfg = Release|Any CPU
		{82A763DA-D0D7-4B62-9906-B4621C807AE9}.Release-mate|x86.Build.0 = Release|Any CPU
		{82A763DA-D0D7-4B62-9906-B4621C807AE9}.Release-mate-sse42|Any CPU.ActiveCfg = Release|Any CPU
		{82A763DA-D0D7-4B62-9906-B4621C807AE9}.Release-mate-sse42|Any CPU.Build.0 = Release|Any CPU
		{82A763DA-D0D7-4B62-9906-B4621C807AE9}.Release-mate-sse42|x64.ActiveCfg = Release|Any CPU
		{82A763DA-D0D7-4B62-9906-B4621C807AE9}.Release-mate-sse42|x64.Build.0 = Release|Any CPU
		{82A763DA-D0D7-4B62-9906-B4621C807AE9}.Release-mate-sse42|x86.ActiveCfg = Release|Any CPU
		{82A763DA-D0D7-4B62-9906-B4621C807AE9}.Release-mate-sse42|x86.Build.0 = Release|Any CPU
		{82A763DA-D0D7-4B62-9906-B4621C807AE9}.Release-NNEU-Gen|Any CPU.ActiveCfg = Release|Any CPU
		{82A763DA-D0D7-4B62-9906-B4621C807AE9}.Release-NNEU-Gen|Any CPU.Build.0 = Release|Any CPU
		{82A763DA-D0D7-4B62-9906-B4621C807AE9}.Release-NNEU-Gen|x64.ActiveCfg = Release|Any CPU
		{82A763DA-D0D7-4B62-9906-B4621C807AE9}.Release-NNEU-Gen|x64.Build.0 = Release|Any CPU
		{82A763DA-D0D7-4B62-9906-B4621C807AE9}.Release-NNEU-Gen|x86.ActiveCfg = Release|Any CPU
		{82A763DA-D0D7-4B62-9906-B4621C807AE9}.Release-NNEU-Gen|x86.Build.0 = Release|Any CPU
		{82A763DA-D0D7-4B62-9906-B4621C807AE9}.Release-NNEU-sse42|Any CPU.ActiveCfg = Release|Any CPU
		{82A763DA-D0D7-4B62-9906-B4621C807AE9}.Release-NNEU-sse42|Any CPU.Build.0 = Release|Any CPU
		{82A763DA-D0D7-4B62-9906-B4621C807AE9}.Release-NNEU-sse42|x64.ActiveCfg = Release|Any CPU
		{82A763DA-D0D7-4B62-9906-B4621C807AE9}.Release-NNEU-sse42|x64.Build.0 = Release|Any CPU
		{82A763DA-D0D7-4B62-9906-B4621C807AE9}.Release-NNEU-sse42|x86.ActiveCfg = Release|Any CPU
		{82A763DA-D0D7-4B62-9906-B4621C807AE9}.Release-NNEU-sse42|x86.Build.0 = Release|Any CPU
		{82A763DA-D0D7-4B62-9906-B4621C807AE9}.Release-NNUE|Any CPU.ActiveCfg = Release|Any CPU
		{82A763DA-D0D7-4B62-9906-B4621C807AE9}.Release-NNUE|Any CPU.Build.0 = Release|Any CPU
		{82A763DA-D0D7-4B62-9906-B4621C807AE9}.Release-NNUE|x64.ActiveCfg = Release|Any CPU
		{82A763DA-D0D7-4B62-9906-B4621C807AE9}.Release-NNUE|x64.Build.0 = Release|Any CPU
		{82A763DA-D0D7-4B62-9906-B4621C807AE9}.Release-NNUE|x86.ActiveCfg = Release|Any CPU
		{82A763DA-D0D7-4B62-9906-B4621C807AE9}.Release-NNUE|x86.Build.0 = Release|Any CPU
		{82A763DA-D0D7-4B62-9906-B4621C807AE9}.Release-NNUE-Learn|Any CPU.ActiveCfg = Release|Any CPU
		{82A763DA-D0D7-4B62-9906-B4621C807AE9}.Release-NNUE-Learn|Any CPU.Build.0 = Release|Any CPU
		{82A763DA-D0D7-4B62-9906-B4621C807AE9}.Release-NNUE-Learn|x64.ActiveCfg = Release|Any CPU
		{82A763DA-D0D7-4B62-9906-B4621C807AE9}.Release-NNUE-Learn|x64.Build.0 = Release|Any CPU
		{82A763DA-D0D7-4B62-9906-B4621C807AE9}.Release-NNUE-Learn|x86.ActiveCfg = Release|Any CPU
		{82A763DA-D0D7-4B62-9906-B4621C807AE9}.Release-NNUE-Learn|x86.Build.0 = Release|Any CPU
		{82A763DA-D0D7-4B62-9906-B4621C807AE9}.Release-user|Any CPU.ActiveCfg = Release|Any CPU
		{82A763DA-D0D7-4B62-9906-B4621C807AE9}.Release-user|Any CPU.Build.0 = Release|Any CPU
		{82A763DA-D0D7-4B62-9906-B4621C807AE9}.Release-user|x64.ActiveCfg = Release|Any CPU
		{82A763DA-D0D7-4B62-9906-B4621C807AE9}.Release-user|x64.Build.0 = Release|Any CPU
		{82A763DA-D0D7-4B62-9906-B4621C807AE9}.Release-user|x86.ActiveCfg = Release|Any CPU
		{82A763DA-D0D7-4B62-9906-B4621C807AE9}.Release-user|x86.Build.0 = Release|Any CPU
		{82A763DA-D0D7-4B62-9906-B4621C807AE9}.Release-user-sse42|Any CPU.ActiveCfg = Release|Any CPU
		{82A763DA-D0D7-4B62-9906-B4621C807AE9}.Release-user-sse42|Any CPU.Build.0 = Release|Any CPU
		{82A763DA-D0D7-4B62-9906-B4621C807AE9}.Release-user-sse42|x64.ActiveCfg = Release|Any CPU
		{82A763DA-D0D7-4B62-9906-B4621C807AE9}.Release-user-sse42|x64.Build.0 = Release|Any CPU
		{82A763DA-D0D7-4B62-9906-B4621C807AE9}.Release-user-sse42|x86.ActiveCfg = Release|Any CPU
		{82A763DA-D0D7-4B62-9906-B4621C807AE9}.Release-user-sse42|x86.Build.0 = Release|Any CPU
		{7953A2CB-956C-4AC4-9280-2D726FB632A4}.Debug|Any CPU.ActiveCfg = Debug|Any CPU
		{7953A2CB-956C-4AC4-9280-2D726FB632A4}.Debug|Any CPU.Build.0 = Debug|Any CPU
		{7953A2CB-956C-4AC4-9280-2D726FB632A4}.Debug|x64.ActiveCfg = Debug|Any CPU
		{7953A2CB-956C-4AC4-9280-2D726FB632A4}.Debug|x64.Build.0 = Debug|Any CPU
		{7953A2CB-956C-4AC4-9280-2D726FB632A4}.Debug|x86.ActiveCfg = Debug|Any CPU
		{7953A2CB-956C-4AC4-9280-2D726FB632A4}.Debug|x86.Build.0 = Debug|Any CPU
		{7953A2CB-956C-4AC4-9280-2D726FB632A4}.Debug-mate|Any CPU.ActiveCfg = Debug|Any CPU
		{7953A2CB-956C-4AC4-9280-2D726FB632A4}.Debug-mate|Any CPU.Build.0 = Debug|Any CPU
		{7953A2CB-956C-4AC4-9280-2D726FB632A4}.Debug-mate|x64.ActiveCfg = Debug|Any CPU
		{7953A2CB-956C-4AC4-9280-2D726FB632A4}.Debug-mate|x64.Build.0 = Debug|Any CPU
		{7953A2CB-956C-4AC4-9280-2D726FB632A4}.Debug-mate|x86.ActiveCfg = Debug|Any CPU
		{7953A2CB-956C-4AC4-9280-2D726FB632A4}.Debug-mate|x86.Build.0 = Debug|Any CPU
		{7953A2CB-956C-4AC4-9280-2D726FB632A4}.Debug-NNUE|Any CPU.ActiveCfg = Debug|Any CPU
		{7953A2CB-956C-4AC4-9280-2D726FB632A4}.Debug-NNUE|Any CPU.Build.0 = Debug|Any CPU
		{7953A2CB-956C-4AC4-9280-2D726FB632A4}.Debug-NNUE|x64.ActiveCfg = Debug|Any CPU
		{7953A2CB-956C-4AC4-9280-2D726FB632A4}.Debug-NNUE|x64.Build.0 = Debug|Any CPU
		{7953A2CB-956C-4AC4-9280-2D726FB632A4}.Debug-NNUE|x86.ActiveCfg = Debug|Any CPU
		{7953A2CB-956C-4AC4-9280-2D726FB632A4}.Debug-NNUE|x86.Build.0 = Debug|Any CPU
		{7953A2CB-956C-4AC4-9280-2D726FB632A4}.Debug-user|Any CPU.ActiveCfg = Debug|Any CPU
		{7953A2CB-956C-4AC4-9280-2D726FB632A4}.Debug-user|Any CPU.Build.0 = Debug|Any CPU
		{7953A2CB-956C-4AC4-9280-2D726FB632A4}.Debug-user|x64.ActiveCfg = Debug|Any CPU
		{7953A2CB-956C-4AC4-9280-2D726FB632A4}.Debug-user|x64.Build.0 = Debug|Any CPU
		{7953A2CB-956C-4AC4-9280-2D726FB632A4}.Debug-user|x86.ActiveCfg = Debug|Any CPU
		{7953A2CB-956C-4AC4-9280-2D726FB632A4}.Debug-user|x86.Build.0 = Debug|Any CPU
		{7953A2CB-956C-4AC4-9280-2D726FB632A4}.Release|Any CPU.ActiveCfg = Release|Any CPU
		{7953A2CB-956C-4AC4-9280-2D726FB632A4}.Release|Any CPU.Build.0 = Release|Any CPU
		{7953A2CB-956C-4AC4-9280-2D726FB632A4}.Release|x64.ActiveCfg = Release|Any CPU
		{7953A2CB-956C-4AC4-9280-2D726FB632A4}.Release|x64.Build.0 = Release|Any CPU
		{7953A2CB-956C-4AC4-9280-2D726FB632A4}.Release|x86.ActiveCfg = Release|Any CPU
		{7953A2CB-956C-4AC4-9280-2D726FB632A4}.Release|x86.Build.0 = Release|Any CPU
		{7953A2CB-956C-4AC4-9280-2D726FB632A4}.Release-KPP_KKPT|Any CPU.ActiveCfg = Release|Any CPU
		{7953A2CB-956C-4AC4-9280-2D726FB632A4}.Release-KPP_KKPT|Any CPU.Build.0 = Release|Any CPU
		{7953A2CB-956C-4AC4-9280-2D726FB632A4}.Release-KPP_KKPT|x64.ActiveCfg = Release|Any CPU
		{7953A2CB-956C-4AC4-9280-2D726FB632A4}.Release-KPP_KKPT|x64.Build.0 = Release|Any CPU
		{7953A2CB-956C-4AC4-9280-2D726FB632A4}.Release-KPP_KKPT|x86.ActiveCfg = Release|Any CPU
		{7953A2CB-956C-4AC4-9280-2D726FB632A4}.Release-KPP_KKPT|x86.Build.0 = Release|Any CPU
		{7953A2CB-956C-4AC4-9280-2D726FB632A4}.Release-KPPT|Any CPU.ActiveCfg = Release|Any CPU
		{7953A2CB-956C-4AC4-9280-2D726FB632A4}.Release-KPPT|Any CPU.Build.0 = Release|Any CPU
		{7953A2CB-956C-4AC4-9280-2D726FB632A4}.Release-KPPT|x64.ActiveCfg = Release|Any CPU
		{7953A2CB-956C-4AC4-9280-2D726FB632A4}.Release-KPPT|x64.Build.0 = Release|Any CPU
		{7953A2CB-956C-4AC4-9280-2D726FB632A4}.Release-KPPT|x86.ActiveCfg = Release|Any CPU
		{7953A2CB-956C-4AC4-9280-2D726FB632A4}.Release-KPPT|x86.Build.0 = Release|Any CPU
		{7953A2CB-956C-4AC4-9280-2D726FB632A4}.Release-mate|Any CPU.ActiveCfg = Release|Any CPU
		{7953A2CB-956C-4AC4-9280-2D726FB632A4}.Release-mate|Any CPU.Build.0 = Release|Any CPU
		{7953A2CB-956C-4AC4-9280-2D726FB632A4}.Release-mate|x64.ActiveCfg = Release|Any CPU
		{7953A2CB-956C-4AC4-9280-2D726FB632A4}.Release-mate|x64.Build.0 = Release|Any CPU
		{7953A2CB-956C-4AC4-9280-2D726FB632A4}.Release-mate|x86.ActiveCfg = Release|Any CPU
		{7953A2CB-956C-4AC4-9280-2D726FB632A4}.Release-mate|x86.Build.0 = Release|Any CPU
		{7953A2CB-956C-4AC4-9280-2D726FB632A4}.Release-mate-sse42|Any CPU.ActiveCfg = Release|Any CPU
		{7953A2CB-956C-4AC4-9280-2D726FB632A4}.Release-mate-sse42|Any CPU.Build.0 = Release|Any CPU
		{7953A2CB-956C-4AC4-9280-2D726FB632A4}.Release-mate-sse42|x64.ActiveCfg = Release|Any CPU
		{7953A2CB-956C-4AC4-9280-2D726FB632A4}.Release-mate-sse42|x64.Build.0 = Release|Any CPU
		{7953A2CB-956C-4AC4-9280-2D726FB632A4}.Release-mate-sse42|x86.ActiveCfg = Release|Any CPU
		{7953A2CB-956C-4AC4-9280-2D726FB632A4}.Release-mate-sse42|x86.Build.0 = Release|Any CPU
		{7953A2CB-956C-4AC4-9280-2D726FB632A4}.Release-NNEU-Gen|Any CPU.ActiveCfg = Release|Any CPU
		{7953A2CB-956C-4AC4-9280-2D726FB632A4}.Release-NNEU-Gen|Any CPU.Build.0 = Release|Any CPU
		{7953A2CB-956C-4AC4-9280-2D726FB632A4}.Release-NNEU-Gen|x64.ActiveCfg = Release|Any CPU
		{7953A2CB-956C-4AC4-9280-2D726FB632A4}.Release-NNEU-Gen|x64.Build.0 = Release|Any CPU
		{7953A2CB-956C-4AC4-9280-2D726FB632A4}.Release-NNEU-Gen|x86.ActiveCfg = Release|Any CPU
		{7953A2CB-956C-4AC4-9280-2D726FB632A4}.Release-NNEU-Gen|x86.Build.0 = Release|Any CPU
		{7953A2CB-956C-4AC4-9280-2D726FB632A4}.Release-NNEU-sse42|Any CPU.ActiveCfg = Release|Any CPU
		{7953A2CB-956C-4AC4-9280-2D726FB632A4}.Release-NNEU-sse42|Any CPU.Build.0 = Release|Any CPU
		{7953A2CB-956C-4AC4-9280-2D726FB632A4}.Release-NNEU-sse42|x64.ActiveCfg = Release|Any CPU
		{7953A2CB-956C-4AC4-9280-2D726FB632A4}.Release-NNEU-sse42|x64.Build.0 = Release|Any CPU
		{7953A2CB-956C-4AC4-9280-2D726FB632A4}.Release-NNEU-sse42|x86.ActiveCfg = Release|Any CPU
		{7953A2CB-956C-4AC4-9280-2D726FB632A4}.Release-NNEU-sse42|x86.Build.0 = Release|Any CPU
		{7953A2CB-956C-4AC4-9280-2D726FB632A4}.Release-NNUE|Any CPU.ActiveCfg = Release|Any CPU
		{7953A2CB-956C-4AC4-9280-2D726FB632A4}.Release-NNUE|Any CPU.Build.0 = Release|Any CPU
		{7953A2CB-956C-4AC4-9280-2D726FB632A4}.Release-NNUE|x64.ActiveCfg = Release|Any CPU
		{7953A2CB-956C-4AC4-9280-2D726FB632A4}.Release-NNUE|x64.Build.0 = Release|Any CPU
		{7953A2CB-956C-4AC4-9280-2D726FB632A4}.Release-NNUE|x86.ActiveCfg = Release|Any CPU
		{7953A2CB-956C-4AC4-9280-2D726FB632A4}.Release-NNUE|x86.Build.0 = Release|Any CPU
		{7953A2CB-956C-4AC4-9280-2D726FB632A4}.Release-NNUE-Learn|Any CPU.ActiveCfg = Release|Any CPU
		{7953A2CB-956C-4AC4-9280-2D726FB632A4}.Release-NNUE-Learn|Any CPU.Build.0 = Release|Any CPU
		{7953A2CB-956C-4AC4-9280-2D726FB632A4}.Release-NNUE-Learn|x64.ActiveCfg = Release|Any CPU
		{7953A2CB-956C-4AC4-9280-2D726FB632A4}.Release-NNUE-Learn|x64.Build.0 = Release|Any CPU
		{7953A2CB-956C-4AC4-9280-2D726FB632A4}.Release-NNUE-Learn|x86.ActiveCfg = Release|Any CPU
		{7953A2CB-956C-4AC4-9280-2D726FB632A4}.Release-NNUE-Learn|x86.Build.0 = Release|Any CPU
		{7953A2CB-956C-4AC4-9280-2D726FB632A4}.Release-user|Any CPU.ActiveCfg = Release|Any CPU
		{7953A2CB-956C-4AC4-9280-2D726FB632A4}.Release-user|Any CPU.Build.0 = Release|Any CPU
		{7953A2CB-956C-4AC4-9280-2D726FB632A4}.Release-user|x64.ActiveCfg = Release|Any CPU
		{7953A2CB-956C-4AC4-9280-2D726FB632A4}.Release-user|x64.Build.0 = Release|Any CPU
		{7953A2CB-956C-4AC4-9280-2D726FB632A4}.Release-user|x86.ActiveCfg = Release|Any CPU
		{7953A2CB-956C-4AC4-9280-2D726FB632A4}.Release-user|x86.Build.0 = Release|Any CPU
		{7953A2CB-956C-4AC4-9280-2D726FB632A4}.Release-user-sse42|Any CPU.ActiveCfg = Release|Any CPU
		{7953A2CB-956C-4AC4-9280-2D726FB632A4}.Release-user-sse42|Any CPU.Build.0 = Release|Any CPU
		{7953A2CB-956C-4AC4-9280-2D726FB632A4}.Release-user-sse42|x64.ActiveCfg = Release|Any CPU
		{7953A2CB-956C-4AC4-9280-2D726FB632A4}.Release-user-sse42|x64.Build.0 = Release|Any CPU
		{7953A2CB-956C-4AC4-9280-2D726FB632A4}.Release-user-sse42|x86.ActiveCfg = Release|Any CPU
		{7953A2CB-956C-4AC4-9280-2D726FB632A4}.Release-user-sse42|x86.Build.0 = Release|Any CPU
	EndGlobalSection
	GlobalSection(SolutionProperties) = preSolution
		HideSolutionNode = FALSE
	EndGlobalSection
	GlobalSection(ExtensibilityGlobals) = postSolution
		SolutionGuid = {3EEEE42E-3868-441B-A9DB-21CEDE7F9A02}
	EndGlobalSection
EndGlobal
